// !$*UTF8*$!
{
	archiveVersion = 1;
	classes = {
	};
	objectVersion = 46;
	objects = {

/* Begin PBXBuildFile section */
		1547E4D170F0AB57A435F533 /* libPods.a in Frameworks */ = {isa = PBXBuildFile; fileRef = EB9B9CE96F5F81DCEF9ACCA3 /* libPods.a */; };
		821D41CC1BF4B8F9006A0F95 /* AppDelegate.swift in Sources */ = {isa = PBXBuildFile; fileRef = 821D41CB1BF4B8F9006A0F95 /* AppDelegate.swift */; };
		821D41D31BF4B8F9006A0F95 /* Assets.xcassets in Resources */ = {isa = PBXBuildFile; fileRef = 821D41D21BF4B8F9006A0F95 /* Assets.xcassets */; };
		821D41D61BF4B8F9006A0F95 /* LaunchScreen.storyboard in Resources */ = {isa = PBXBuildFile; fileRef = 821D41D41BF4B8F9006A0F95 /* LaunchScreen.storyboard */; };
		8227CE9B1BF4BDC2003202E4 /* ExamplePickerTableViewController.swift in Sources */ = {isa = PBXBuildFile; fileRef = 8227CE9A1BF4BDC2003202E4 /* ExamplePickerTableViewController.swift */; };
		8227CE9E1BF4D772003202E4 /* Main.storyboard in Resources */ = {isa = PBXBuildFile; fileRef = 8227CE9C1BF4D772003202E4 /* Main.storyboard */; };
		8227CECC1BF4D7F2003202E4 /* Example.m in Sources */ = {isa = PBXBuildFile; fileRef = 8227CEA01BF4D7F2003202E4 /* Example.m */; };
		8227CECD1BF4D7F2003202E4 /* DefaultExamples.m in Sources */ = {isa = PBXBuildFile; fileRef = 8227CEA21BF4D7F2003202E4 /* DefaultExamples.m */; };
		8227CECE1BF4D7F2003202E4 /* HelloExample.m in Sources */ = {isa = PBXBuildFile; fileRef = 8227CEA41BF4D7F2003202E4 /* HelloExample.m */; };
		8227CECF1BF4D7F2003202E4 /* AnatomyExample.m in Sources */ = {isa = PBXBuildFile; fileRef = 8227CEA61BF4D7F2003202E4 /* AnatomyExample.m */; };
		8227CED01BF4D7F2003202E4 /* DemoExample.m in Sources */ = {isa = PBXBuildFile; fileRef = 8227CEA81BF4D7F2003202E4 /* DemoExample.m */; };
		8227CED11BF4D7F2003202E4 /* Tutorial1Example.m in Sources */ = {isa = PBXBuildFile; fileRef = 8227CEAA1BF4D7F2003202E4 /* Tutorial1Example.m */; };
		8227CED21BF4D7F2003202E4 /* Tutorial2Example.m in Sources */ = {isa = PBXBuildFile; fileRef = 8227CEAC1BF4D7F2003202E4 /* Tutorial2Example.m */; };
		8227CED31BF4D7F2003202E4 /* Tutorial3Example.m in Sources */ = {isa = PBXBuildFile; fileRef = 8227CEAE1BF4D7F2003202E4 /* Tutorial3Example.m */; };
		8227CED41BF4D7F2003202E4 /* FormatFontExample.m in Sources */ = {isa = PBXBuildFile; fileRef = 8227CEB01BF4D7F2003202E4 /* FormatFontExample.m */; };
		8227CED51BF4D7F2003202E4 /* FormatNumFormatExample.m in Sources */ = {isa = PBXBuildFile; fileRef = 8227CEB21BF4D7F2003202E4 /* FormatNumFormatExample.m */; };
		8227CED61BF4D7F2003202E4 /* DatesAndTimes1Example.m in Sources */ = {isa = PBXBuildFile; fileRef = 8227CEB41BF4D7F2003202E4 /* DatesAndTimes1Example.m */; };
		8227CED71BF4D7F2003202E4 /* DatesAndTimes2Example.m in Sources */ = {isa = PBXBuildFile; fileRef = 8227CEB61BF4D7F2003202E4 /* DatesAndTimes2Example.m */; };
		8227CED81BF4D7F2003202E4 /* DatesAndTimes3Example.m in Sources */ = {isa = PBXBuildFile; fileRef = 8227CEB81BF4D7F2003202E4 /* DatesAndTimes3Example.m */; };
		8227CED91BF4D7F2003202E4 /* HyperlinksExample.m in Sources */ = {isa = PBXBuildFile; fileRef = 8227CEBA1BF4D7F2003202E4 /* HyperlinksExample.m */; };
		8227CEDA1BF4D7F2003202E4 /* ArrayFormulaExample.m in Sources */ = {isa = PBXBuildFile; fileRef = 8227CEBC1BF4D7F2003202E4 /* ArrayFormulaExample.m */; };
		8227CEDB1BF4D7F2003202E4 /* UTF8Example.m in Sources */ = {isa = PBXBuildFile; fileRef = 8227CEBE1BF4D7F2003202E4 /* UTF8Example.m */; };
		8227CEDC1BF4D7F2003202E4 /* ConstantMemoryExample.m in Sources */ = {isa = PBXBuildFile; fileRef = 8227CEC01BF4D7F2003202E4 /* ConstantMemoryExample.m */; };
		8227CEDD1BF4D7F2003202E4 /* MergeRangeExample.m in Sources */ = {isa = PBXBuildFile; fileRef = 8227CEC21BF4D7F2003202E4 /* MergeRangeExample.m */; };
		8227CEDE1BF4D7F2003202E4 /* AutofilterExample.m in Sources */ = {isa = PBXBuildFile; fileRef = 8227CEC41BF4D7F2003202E4 /* AutofilterExample.m */; };
		8227CEDF1BF4D7F2003202E4 /* HeadersFootersExample.m in Sources */ = {isa = PBXBuildFile; fileRef = 8227CEC61BF4D7F2003202E4 /* HeadersFootersExample.m */; };
		8227CEE01BF4D7F2003202E4 /* DefinedNameExample.m in Sources */ = {isa = PBXBuildFile; fileRef = 8227CEC81BF4D7F2003202E4 /* DefinedNameExample.m */; };
		8227CEE21BF4D9F7003202E4 /* ExampleViewerViewController.swift in Sources */ = {isa = PBXBuildFile; fileRef = 8227CEE11BF4D9F7003202E4 /* ExampleViewerViewController.swift */; };
/* End PBXBuildFile section */

/* Begin PBXFileReference section */
		051E2C3490FF63E549DA50A2 /* Pods.release.xcconfig */ = {isa = PBXFileReference; includeInIndex = 1; lastKnownFileType = text.xcconfig; name = Pods.release.xcconfig; path = "Pods/Target Support Files/Pods/Pods.release.xcconfig"; sourceTree = "<group>"; };
		641E17192712152436FF6FA4 /* Pods.debug.xcconfig */ = {isa = PBXFileReference; includeInIndex = 1; lastKnownFileType = text.xcconfig; name = Pods.debug.xcconfig; path = "Pods/Target Support Files/Pods/Pods.debug.xcconfig"; sourceTree = "<group>"; };
		821D41C81BF4B8F9006A0F95 /* libxlsxwriter-Swift.app */ = {isa = PBXFileReference; explicitFileType = wrapper.application; includeInIndex = 0; path = "libxlsxwriter-Swift.app"; sourceTree = BUILT_PRODUCTS_DIR; };
		821D41CB1BF4B8F9006A0F95 /* AppDelegate.swift */ = {isa = PBXFileReference; lastKnownFileType = sourcecode.swift; path = AppDelegate.swift; sourceTree = "<group>"; };
		821D41D21BF4B8F9006A0F95 /* Assets.xcassets */ = {isa = PBXFileReference; lastKnownFileType = folder.assetcatalog; path = Assets.xcassets; sourceTree = "<group>"; };
		821D41D51BF4B8F9006A0F95 /* Base */ = {isa = PBXFileReference; lastKnownFileType = file.storyboard; name = Base; path = Base.lproj/LaunchScreen.storyboard; sourceTree = "<group>"; };
		821D41D71BF4B8F9006A0F95 /* Info.plist */ = {isa = PBXFileReference; lastKnownFileType = text.plist.xml; path = Info.plist; sourceTree = "<group>"; };
		821D41DD1BF4B9C4006A0F95 /* libxlsxwriter-Swift-Bridging-Header.h */ = {isa = PBXFileReference; lastKnownFileType = sourcecode.c.h; path = "libxlsxwriter-Swift-Bridging-Header.h"; sourceTree = "<group>"; };
		8227CE9A1BF4BDC2003202E4 /* ExamplePickerTableViewController.swift */ = {isa = PBXFileReference; fileEncoding = 4; lastKnownFileType = sourcecode.swift; path = ExamplePickerTableViewController.swift; sourceTree = "<group>"; };
		8227CE9D1BF4D772003202E4 /* Base */ = {isa = PBXFileReference; lastKnownFileType = file.storyboard; name = Base; path = Base.lproj/Main.storyboard; sourceTree = "<group>"; };
		8227CE9F1BF4D7F2003202E4 /* Example.h */ = {isa = PBXFileReference; fileEncoding = 4; lastKnownFileType = sourcecode.c.h; path = Example.h; sourceTree = "<group>"; };
		8227CEA01BF4D7F2003202E4 /* Example.m */ = {isa = PBXFileReference; fileEncoding = 4; lastKnownFileType = sourcecode.c.objc; path = Example.m; sourceTree = "<group>"; };
		8227CEA11BF4D7F2003202E4 /* DefaultExamples.h */ = {isa = PBXFileReference; fileEncoding = 4; lastKnownFileType = sourcecode.c.h; path = DefaultExamples.h; sourceTree = "<group>"; };
		8227CEA21BF4D7F2003202E4 /* DefaultExamples.m */ = {isa = PBXFileReference; fileEncoding = 4; lastKnownFileType = sourcecode.c.objc; path = DefaultExamples.m; sourceTree = "<group>"; };
		8227CEA31BF4D7F2003202E4 /* HelloExample.h */ = {isa = PBXFileReference; fileEncoding = 4; lastKnownFileType = sourcecode.c.h; path = HelloExample.h; sourceTree = "<group>"; };
		8227CEA41BF4D7F2003202E4 /* HelloExample.m */ = {isa = PBXFileReference; fileEncoding = 4; lastKnownFileType = sourcecode.c.objc; path = HelloExample.m; sourceTree = "<group>"; };
		8227CEA51BF4D7F2003202E4 /* AnatomyExample.h */ = {isa = PBXFileReference; fileEncoding = 4; lastKnownFileType = sourcecode.c.h; path = AnatomyExample.h; sourceTree = "<group>"; };
		8227CEA61BF4D7F2003202E4 /* AnatomyExample.m */ = {isa = PBXFileReference; fileEncoding = 4; lastKnownFileType = sourcecode.c.objc; path = AnatomyExample.m; sourceTree = "<group>"; };
		8227CEA71BF4D7F2003202E4 /* DemoExample.h */ = {isa = PBXFileReference; fileEncoding = 4; lastKnownFileType = sourcecode.c.h; path = DemoExample.h; sourceTree = "<group>"; };
		8227CEA81BF4D7F2003202E4 /* DemoExample.m */ = {isa = PBXFileReference; fileEncoding = 4; lastKnownFileType = sourcecode.c.objc; path = DemoExample.m; sourceTree = "<group>"; };
		8227CEA91BF4D7F2003202E4 /* Tutorial1Example.h */ = {isa = PBXFileReference; fileEncoding = 4; lastKnownFileType = sourcecode.c.h; path = Tutorial1Example.h; sourceTree = "<group>"; };
		8227CEAA1BF4D7F2003202E4 /* Tutorial1Example.m */ = {isa = PBXFileReference; fileEncoding = 4; lastKnownFileType = sourcecode.c.objc; path = Tutorial1Example.m; sourceTree = "<group>"; };
		8227CEAB1BF4D7F2003202E4 /* Tutorial2Example.h */ = {isa = PBXFileReference; fileEncoding = 4; lastKnownFileType = sourcecode.c.h; path = Tutorial2Example.h; sourceTree = "<group>"; };
		8227CEAC1BF4D7F2003202E4 /* Tutorial2Example.m */ = {isa = PBXFileReference; fileEncoding = 4; lastKnownFileType = sourcecode.c.objc; path = Tutorial2Example.m; sourceTree = "<group>"; };
		8227CEAD1BF4D7F2003202E4 /* Tutorial3Example.h */ = {isa = PBXFileReference; fileEncoding = 4; lastKnownFileType = sourcecode.c.h; path = Tutorial3Example.h; sourceTree = "<group>"; };
		8227CEAE1BF4D7F2003202E4 /* Tutorial3Example.m */ = {isa = PBXFileReference; fileEncoding = 4; lastKnownFileType = sourcecode.c.objc; path = Tutorial3Example.m; sourceTree = "<group>"; };
		8227CEAF1BF4D7F2003202E4 /* FormatFontExample.h */ = {isa = PBXFileReference; fileEncoding = 4; lastKnownFileType = sourcecode.c.h; path = FormatFontExample.h; sourceTree = "<group>"; };
		8227CEB01BF4D7F2003202E4 /* FormatFontExample.m */ = {isa = PBXFileReference; fileEncoding = 4; lastKnownFileType = sourcecode.c.objc; path = FormatFontExample.m; sourceTree = "<group>"; };
		8227CEB11BF4D7F2003202E4 /* FormatNumFormatExample.h */ = {isa = PBXFileReference; fileEncoding = 4; lastKnownFileType = sourcecode.c.h; path = FormatNumFormatExample.h; sourceTree = "<group>"; };
		8227CEB21BF4D7F2003202E4 /* FormatNumFormatExample.m */ = {isa = PBXFileReference; fileEncoding = 4; lastKnownFileType = sourcecode.c.objc; path = FormatNumFormatExample.m; sourceTree = "<group>"; };
		8227CEB31BF4D7F2003202E4 /* DatesAndTimes1Example.h */ = {isa = PBXFileReference; fileEncoding = 4; lastKnownFileType = sourcecode.c.h; path = DatesAndTimes1Example.h; sourceTree = "<group>"; };
		8227CEB41BF4D7F2003202E4 /* DatesAndTimes1Example.m */ = {isa = PBXFileReference; fileEncoding = 4; lastKnownFileType = sourcecode.c.objc; path = DatesAndTimes1Example.m; sourceTree = "<group>"; };
		8227CEB51BF4D7F2003202E4 /* DatesAndTimes2Example.h */ = {isa = PBXFileReference; fileEncoding = 4; lastKnownFileType = sourcecode.c.h; path = DatesAndTimes2Example.h; sourceTree = "<group>"; };
		8227CEB61BF4D7F2003202E4 /* DatesAndTimes2Example.m */ = {isa = PBXFileReference; fileEncoding = 4; lastKnownFileType = sourcecode.c.objc; path = DatesAndTimes2Example.m; sourceTree = "<group>"; };
		8227CEB71BF4D7F2003202E4 /* DatesAndTimes3Example.h */ = {isa = PBXFileReference; fileEncoding = 4; lastKnownFileType = sourcecode.c.h; path = DatesAndTimes3Example.h; sourceTree = "<group>"; };
		8227CEB81BF4D7F2003202E4 /* DatesAndTimes3Example.m */ = {isa = PBXFileReference; fileEncoding = 4; lastKnownFileType = sourcecode.c.objc; path = DatesAndTimes3Example.m; sourceTree = "<group>"; };
		8227CEB91BF4D7F2003202E4 /* HyperlinksExample.h */ = {isa = PBXFileReference; fileEncoding = 4; lastKnownFileType = sourcecode.c.h; path = HyperlinksExample.h; sourceTree = "<group>"; };
		8227CEBA1BF4D7F2003202E4 /* HyperlinksExample.m */ = {isa = PBXFileReference; fileEncoding = 4; lastKnownFileType = sourcecode.c.objc; path = HyperlinksExample.m; sourceTree = "<group>"; };
		8227CEBB1BF4D7F2003202E4 /* ArrayFormulaExample.h */ = {isa = PBXFileReference; fileEncoding = 4; lastKnownFileType = sourcecode.c.h; path = ArrayFormulaExample.h; sourceTree = "<group>"; };
		8227CEBC1BF4D7F2003202E4 /* ArrayFormulaExample.m */ = {isa = PBXFileReference; fileEncoding = 4; lastKnownFileType = sourcecode.c.objc; path = ArrayFormulaExample.m; sourceTree = "<group>"; };
		8227CEBD1BF4D7F2003202E4 /* UTF8Example.h */ = {isa = PBXFileReference; fileEncoding = 4; lastKnownFileType = sourcecode.c.h; path = UTF8Example.h; sourceTree = "<group>"; };
		8227CEBE1BF4D7F2003202E4 /* UTF8Example.m */ = {isa = PBXFileReference; fileEncoding = 4; lastKnownFileType = sourcecode.c.objc; path = UTF8Example.m; sourceTree = "<group>"; };
		8227CEBF1BF4D7F2003202E4 /* ConstantMemoryExample.h */ = {isa = PBXFileReference; fileEncoding = 4; lastKnownFileType = sourcecode.c.h; path = ConstantMemoryExample.h; sourceTree = "<group>"; };
		8227CEC01BF4D7F2003202E4 /* ConstantMemoryExample.m */ = {isa = PBXFileReference; fileEncoding = 4; lastKnownFileType = sourcecode.c.objc; path = ConstantMemoryExample.m; sourceTree = "<group>"; };
		8227CEC11BF4D7F2003202E4 /* MergeRangeExample.h */ = {isa = PBXFileReference; fileEncoding = 4; lastKnownFileType = sourcecode.c.h; path = MergeRangeExample.h; sourceTree = "<group>"; };
		8227CEC21BF4D7F2003202E4 /* MergeRangeExample.m */ = {isa = PBXFileReference; fileEncoding = 4; lastKnownFileType = sourcecode.c.objc; path = MergeRangeExample.m; sourceTree = "<group>"; };
		8227CEC31BF4D7F2003202E4 /* AutofilterExample.h */ = {isa = PBXFileReference; fileEncoding = 4; lastKnownFileType = sourcecode.c.h; path = AutofilterExample.h; sourceTree = "<group>"; };
		8227CEC41BF4D7F2003202E4 /* AutofilterExample.m */ = {isa = PBXFileReference; fileEncoding = 4; lastKnownFileType = sourcecode.c.objc; path = AutofilterExample.m; sourceTree = "<group>"; };
		8227CEC51BF4D7F2003202E4 /* HeadersFootersExample.h */ = {isa = PBXFileReference; fileEncoding = 4; lastKnownFileType = sourcecode.c.h; path = HeadersFootersExample.h; sourceTree = "<group>"; };
		8227CEC61BF4D7F2003202E4 /* HeadersFootersExample.m */ = {isa = PBXFileReference; fileEncoding = 4; lastKnownFileType = sourcecode.c.objc; path = HeadersFootersExample.m; sourceTree = "<group>"; };
		8227CEC71BF4D7F2003202E4 /* DefinedNameExample.h */ = {isa = PBXFileReference; fileEncoding = 4; lastKnownFileType = sourcecode.c.h; path = DefinedNameExample.h; sourceTree = "<group>"; };
		8227CEC81BF4D7F2003202E4 /* DefinedNameExample.m */ = {isa = PBXFileReference; fileEncoding = 4; lastKnownFileType = sourcecode.c.objc; path = DefinedNameExample.m; sourceTree = "<group>"; };
		8227CEE11BF4D9F7003202E4 /* ExampleViewerViewController.swift */ = {isa = PBXFileReference; fileEncoding = 4; lastKnownFileType = sourcecode.swift; path = ExampleViewerViewController.swift; sourceTree = "<group>"; };
		EB9B9CE96F5F81DCEF9ACCA3 /* libPods.a */ = {isa = PBXFileReference; explicitFileType = archive.ar; includeInIndex = 0; path = libPods.a; sourceTree = BUILT_PRODUCTS_DIR; };
/* End PBXFileReference section */

/* Begin PBXFrameworksBuildPhase section */
		821D41C51BF4B8F9006A0F95 /* Frameworks */ = {
			isa = PBXFrameworksBuildPhase;
			buildActionMask = 2147483647;
			files = (
				1547E4D170F0AB57A435F533 /* libPods.a in Frameworks */,
			);
			runOnlyForDeploymentPostprocessing = 0;
		};
/* End PBXFrameworksBuildPhase section */

/* Begin PBXGroup section */
		60419F76DABC98E58BD3E0A1 /* Pods */ = {
			isa = PBXGroup;
			children = (
				641E17192712152436FF6FA4 /* Pods.debug.xcconfig */,
				051E2C3490FF63E549DA50A2 /* Pods.release.xcconfig */,
			);
			name = Pods;
			sourceTree = "<group>";
		};
		755DA52E07D47FAF9ACC79D9 /* Frameworks */ = {
			isa = PBXGroup;
			children = (
				EB9B9CE96F5F81DCEF9ACCA3 /* libPods.a */,
			);
			name = Frameworks;
			sourceTree = "<group>";
		};
		821D41BF1BF4B8F9006A0F95 = {
			isa = PBXGroup;
			children = (
				821D41CA1BF4B8F9006A0F95 /* libxlsxwriter-Swift */,
				821D41C91BF4B8F9006A0F95 /* Products */,
				60419F76DABC98E58BD3E0A1 /* Pods */,
				755DA52E07D47FAF9ACC79D9 /* Frameworks */,
			);
			sourceTree = "<group>";
		};
		821D41C91BF4B8F9006A0F95 /* Products */ = {
			isa = PBXGroup;
			children = (
				821D41C81BF4B8F9006A0F95 /* libxlsxwriter-Swift.app */,
			);
			name = Products;
			sourceTree = "<group>";
		};
		821D41CA1BF4B8F9006A0F95 /* libxlsxwriter-Swift */ = {
			isa = PBXGroup;
			children = (
				821D41DD1BF4B9C4006A0F95 /* libxlsxwriter-Swift-Bridging-Header.h */,
				821D41CB1BF4B8F9006A0F95 /* AppDelegate.swift */,
				8227CEE31BF4E366003202E4 /* UI */,
				8227CECB1BF4D7F2003202E4 /* Examples */,
				821D41E31BF4BCD2006A0F95 /* Supporting Filed */,
			);
			path = "libxlsxwriter-Swift";
			sourceTree = "<group>";
		};
		821D41E31BF4BCD2006A0F95 /* Supporting Filed */ = {
			isa = PBXGroup;
			children = (
				821D41D21BF4B8F9006A0F95 /* Assets.xcassets */,
				821D41D41BF4B8F9006A0F95 /* LaunchScreen.storyboard */,
				821D41D71BF4B8F9006A0F95 /* Info.plist */,
			);
			name = "Supporting Filed";
			sourceTree = "<group>";
		};
		8227CEC91BF4D7F2003202E4 /* Examples */ = {
			isa = PBXGroup;
			children = (
				8227CEA31BF4D7F2003202E4 /* HelloExample.h */,
				8227CEA41BF4D7F2003202E4 /* HelloExample.m */,
				8227CEA51BF4D7F2003202E4 /* AnatomyExample.h */,
				8227CEA61BF4D7F2003202E4 /* AnatomyExample.m */,
				8227CEA71BF4D7F2003202E4 /* DemoExample.h */,
				8227CEA81BF4D7F2003202E4 /* DemoExample.m */,
				8227CEA91BF4D7F2003202E4 /* Tutorial1Example.h */,
				8227CEAA1BF4D7F2003202E4 /* Tutorial1Example.m */,
				8227CEAB1BF4D7F2003202E4 /* Tutorial2Example.h */,
				8227CEAC1BF4D7F2003202E4 /* Tutorial2Example.m */,
				8227CEAD1BF4D7F2003202E4 /* Tutorial3Example.h */,
				8227CEAE1BF4D7F2003202E4 /* Tutorial3Example.m */,
				8227CEAF1BF4D7F2003202E4 /* FormatFontExample.h */,
				8227CEB01BF4D7F2003202E4 /* FormatFontExample.m */,
				8227CEB11BF4D7F2003202E4 /* FormatNumFormatExample.h */,
				8227CEB21BF4D7F2003202E4 /* FormatNumFormatExample.m */,
				8227CEB31BF4D7F2003202E4 /* DatesAndTimes1Example.h */,
				8227CEB41BF4D7F2003202E4 /* DatesAndTimes1Example.m */,
				8227CEB51BF4D7F2003202E4 /* DatesAndTimes2Example.h */,
				8227CEB61BF4D7F2003202E4 /* DatesAndTimes2Example.m */,
				8227CEB71BF4D7F2003202E4 /* DatesAndTimes3Example.h */,
				8227CEB81BF4D7F2003202E4 /* DatesAndTimes3Example.m */,
				8227CEB91BF4D7F2003202E4 /* HyperlinksExample.h */,
				8227CEBA1BF4D7F2003202E4 /* HyperlinksExample.m */,
				8227CEBB1BF4D7F2003202E4 /* ArrayFormulaExample.h */,
				8227CEBC1BF4D7F2003202E4 /* ArrayFormulaExample.m */,
				8227CEBD1BF4D7F2003202E4 /* UTF8Example.h */,
				8227CEBE1BF4D7F2003202E4 /* UTF8Example.m */,
				8227CEBF1BF4D7F2003202E4 /* ConstantMemoryExample.h */,
				8227CEC01BF4D7F2003202E4 /* ConstantMemoryExample.m */,
				8227CEC11BF4D7F2003202E4 /* MergeRangeExample.h */,
				8227CEC21BF4D7F2003202E4 /* MergeRangeExample.m */,
				8227CEC31BF4D7F2003202E4 /* AutofilterExample.h */,
				8227CEC41BF4D7F2003202E4 /* AutofilterExample.m */,
				8227CEC51BF4D7F2003202E4 /* HeadersFootersExample.h */,
				8227CEC61BF4D7F2003202E4 /* HeadersFootersExample.m */,
				8227CEC71BF4D7F2003202E4 /* DefinedNameExample.h */,
				8227CEC81BF4D7F2003202E4 /* DefinedNameExample.m */,
			);
			name = Examples;
			sourceTree = "<group>";
		};
		8227CECA1BF4D7F2003202E4 /* Default Examples */ = {
			isa = PBXGroup;
			children = (
				8227CEA11BF4D7F2003202E4 /* DefaultExamples.h */,
				8227CEA21BF4D7F2003202E4 /* DefaultExamples.m */,
				8227CEC91BF4D7F2003202E4 /* Examples */,
			);
			name = "Default Examples";
			sourceTree = "<group>";
		};
		8227CECB1BF4D7F2003202E4 /* Examples */ = {
			isa = PBXGroup;
			children = (
				8227CE9F1BF4D7F2003202E4 /* Example.h */,
				8227CEA01BF4D7F2003202E4 /* Example.m */,
				8227CECA1BF4D7F2003202E4 /* Default Examples */,
			);
			name = Examples;
			path = "../../libxlsxwriter-ObjC/libxlsxwriter-ObjC";
			sourceTree = "<group>";
		};
		8227CEE31BF4E366003202E4 /* UI */ = {
			isa = PBXGroup;
			children = (
				8227CE9C1BF4D772003202E4 /* Main.storyboard */,
				8227CE9A1BF4BDC2003202E4 /* ExamplePickerTableViewController.swift */,
				8227CEE11BF4D9F7003202E4 /* ExampleViewerViewController.swift */,
			);
			name = UI;
			sourceTree = "<group>";
		};
/* End PBXGroup section */

/* Begin PBXNativeTarget section */
		821D41C71BF4B8F9006A0F95 /* libxlsxwriter-Swift */ = {
			isa = PBXNativeTarget;
			buildConfigurationList = 821D41DA1BF4B8F9006A0F95 /* Build configuration list for PBXNativeTarget "libxlsxwriter-Swift" */;
			buildPhases = (
				FD0099F4934CEEB50DAADDDF /* Check Pods Manifest.lock */,
				821D41C41BF4B8F9006A0F95 /* Sources */,
				821D41C51BF4B8F9006A0F95 /* Frameworks */,
				821D41C61BF4B8F9006A0F95 /* Resources */,
				ECD53053F0AD3C59BCAAB090 /* Embed Pods Frameworks */,
				DF566D144CB8D1315E690B26 /* Copy Pods Resources */,
			);
			buildRules = (
			);
			dependencies = (
			);
			name = "libxlsxwriter-Swift";
			productName = "libxlsxwriter-Swift";
			productReference = 821D41C81BF4B8F9006A0F95 /* libxlsxwriter-Swift.app */;
			productType = "com.apple.product-type.application";
		};
/* End PBXNativeTarget section */

/* Begin PBXProject section */
		821D41C01BF4B8F9006A0F95 /* Project object */ = {
			isa = PBXProject;
			attributes = {
				LastSwiftUpdateCheck = 0710;
				LastUpgradeCheck = 0710;
				ORGANIZATIONNAME = "Ludovico Rossi";
				TargetAttributes = {
					821D41C71BF4B8F9006A0F95 = {
						CreatedOnToolsVersion = 7.1;
					};
				};
			};
			buildConfigurationList = 821D41C31BF4B8F9006A0F95 /* Build configuration list for PBXProject "libxlsxwriter-Swift" */;
			compatibilityVersion = "Xcode 3.2";
			developmentRegion = English;
			hasScannedForEncodings = 0;
			knownRegions = (
				en,
				Base,
			);
			mainGroup = 821D41BF1BF4B8F9006A0F95;
			productRefGroup = 821D41C91BF4B8F9006A0F95 /* Products */;
			projectDirPath = "";
			projectRoot = "";
			targets = (
				821D41C71BF4B8F9006A0F95 /* libxlsxwriter-Swift */,
			);
		};
/* End PBXProject section */

/* Begin PBXResourcesBuildPhase section */
		821D41C61BF4B8F9006A0F95 /* Resources */ = {
			isa = PBXResourcesBuildPhase;
			buildActionMask = 2147483647;
			files = (
				8227CE9E1BF4D772003202E4 /* Main.storyboard in Resources */,
				821D41D61BF4B8F9006A0F95 /* LaunchScreen.storyboard in Resources */,
				821D41D31BF4B8F9006A0F95 /* Assets.xcassets in Resources */,
			);
			runOnlyForDeploymentPostprocessing = 0;
		};
/* End PBXResourcesBuildPhase section */

/* Begin PBXShellScriptBuildPhase section */
		DF566D144CB8D1315E690B26 /* Copy Pods Resources */ = {
			isa = PBXShellScriptBuildPhase;
			buildActionMask = 2147483647;
			files = (
			);
			inputPaths = (
			);
			name = "Copy Pods Resources";
			outputPaths = (
			);
			runOnlyForDeploymentPostprocessing = 0;
			shellPath = /bin/sh;
			shellScript = "\"${SRCROOT}/Pods/Target Support Files/Pods/Pods-resources.sh\"\n";
			showEnvVarsInLog = 0;
		};
		ECD53053F0AD3C59BCAAB090 /* Embed Pods Frameworks */ = {
			isa = PBXShellScriptBuildPhase;
			buildActionMask = 2147483647;
			files = (
			);
			inputPaths = (
			);
			name = "Embed Pods Frameworks";
			outputPaths = (
			);
			runOnlyForDeploymentPostprocessing = 0;
			shellPath = /bin/sh;
			shellScript = "\"${SRCROOT}/Pods/Target Support Files/Pods/Pods-frameworks.sh\"\n";
			showEnvVarsInLog = 0;
		};
		FD0099F4934CEEB50DAADDDF /* Check Pods Manifest.lock */ = {
			isa = PBXShellScriptBuildPhase;
			buildActionMask = 2147483647;
			files = (
			);
			inputPaths = (
			);
			name = "Check Pods Manifest.lock";
			outputPaths = (
			);
			runOnlyForDeploymentPostprocessing = 0;
			shellPath = /bin/sh;
			shellScript = "diff \"${PODS_ROOT}/../Podfile.lock\" \"${PODS_ROOT}/Manifest.lock\" > /dev/null\nif [[ $? != 0 ]] ; then\n    cat << EOM\nerror: The sandbox is not in sync with the Podfile.lock. Run 'pod install' or update your CocoaPods installation.\nEOM\n    exit 1\nfi\n";
			showEnvVarsInLog = 0;
		};
/* End PBXShellScriptBuildPhase section */

/* Begin PBXSourcesBuildPhase section */
		821D41C41BF4B8F9006A0F95 /* Sources */ = {
			isa = PBXSourcesBuildPhase;
			buildActionMask = 2147483647;
			files = (
				8227CED21BF4D7F2003202E4 /* Tutorial2Example.m in Sources */,
				8227CED01BF4D7F2003202E4 /* DemoExample.m in Sources */,
				8227CECF1BF4D7F2003202E4 /* AnatomyExample.m in Sources */,
				8227CED91BF4D7F2003202E4 /* HyperlinksExample.m in Sources */,
				8227CECD1BF4D7F2003202E4 /* DefaultExamples.m in Sources */,
				8227CE9B1BF4BDC2003202E4 /* ExamplePickerTableViewController.swift in Sources */,
				8227CED51BF4D7F2003202E4 /* FormatNumFormatExample.m in Sources */,
				8227CEDC1BF4D7F2003202E4 /* ConstantMemoryExample.m in Sources */,
				821D41CC1BF4B8F9006A0F95 /* AppDelegate.swift in Sources */,
				8227CECC1BF4D7F2003202E4 /* Example.m in Sources */,
				8227CEDB1BF4D7F2003202E4 /* UTF8Example.m in Sources */,
				8227CEDD1BF4D7F2003202E4 /* MergeRangeExample.m in Sources */,
				8227CEDF1BF4D7F2003202E4 /* HeadersFootersExample.m in Sources */,
				8227CED11BF4D7F2003202E4 /* Tutorial1Example.m in Sources */,
				8227CED31BF4D7F2003202E4 /* Tutorial3Example.m in Sources */,
				8227CEDE1BF4D7F2003202E4 /* AutofilterExample.m in Sources */,
				8227CECE1BF4D7F2003202E4 /* HelloExample.m in Sources */,
				8227CEDA1BF4D7F2003202E4 /* ArrayFormulaExample.m in Sources */,
				8227CED81BF4D7F2003202E4 /* DatesAndTimes3Example.m in Sources */,
				8227CEE21BF4D9F7003202E4 /* ExampleViewerViewController.swift in Sources */,
				8227CED61BF4D7F2003202E4 /* DatesAndTimes1Example.m in Sources */,
				8227CED71BF4D7F2003202E4 /* DatesAndTimes2Example.m in Sources */,
				8227CEE01BF4D7F2003202E4 /* DefinedNameExample.m in Sources */,
				8227CED41BF4D7F2003202E4 /* FormatFontExample.m in Sources */,
			);
			runOnlyForDeploymentPostprocessing = 0;
		};
/* End PBXSourcesBuildPhase section */

/* Begin PBXVariantGroup section */
		821D41D41BF4B8F9006A0F95 /* LaunchScreen.storyboard */ = {
			isa = PBXVariantGroup;
			children = (
				821D41D51BF4B8F9006A0F95 /* Base */,
			);
			name = LaunchScreen.storyboard;
			sourceTree = "<group>";
		};
		8227CE9C1BF4D772003202E4 /* Main.storyboard */ = {
			isa = PBXVariantGroup;
			children = (
				8227CE9D1BF4D772003202E4 /* Base */,
			);
			name = Main.storyboard;
			sourceTree = "<group>";
		};
/* End PBXVariantGroup section */

/* Begin XCBuildConfiguration section */
		821D41D81BF4B8F9006A0F95 /* Debug */ = {
			isa = XCBuildConfiguration;
			buildSettings = {
				ALWAYS_SEARCH_USER_PATHS = NO;
				CLANG_CXX_LANGUAGE_STANDARD = "gnu++0x";
				CLANG_CXX_LIBRARY = "libc++";
				CLANG_ENABLE_MODULES = YES;
				CLANG_ENABLE_OBJC_ARC = YES;
				CLANG_WARN_BOOL_CONVERSION = YES;
				CLANG_WARN_CONSTANT_CONVERSION = YES;
				CLANG_WARN_DIRECT_OBJC_ISA_USAGE = YES_ERROR;
				CLANG_WARN_EMPTY_BODY = YES;
				CLANG_WARN_ENUM_CONVERSION = YES;
				CLANG_WARN_INT_CONVERSION = YES;
				CLANG_WARN_OBJC_ROOT_CLASS = YES_ERROR;
				CLANG_WARN_UNREACHABLE_CODE = YES;
				CLANG_WARN__DUPLICATE_METHOD_MATCH = YES;
				"CODE_SIGN_IDENTITY[sdk=iphoneos*]" = "iPhone Developer";
				COPY_PHASE_STRIP = NO;
				DEBUG_INFORMATION_FORMAT = dwarf;
				ENABLE_STRICT_OBJC_MSGSEND = YES;
				ENABLE_TESTABILITY = YES;
				GCC_C_LANGUAGE_STANDARD = gnu99;
				GCC_DYNAMIC_NO_PIC = NO;
				GCC_NO_COMMON_BLOCKS = YES;
				GCC_OPTIMIZATION_LEVEL = 0;
				GCC_PREPROCESSOR_DEFINITIONS = (
					"DEBUG=1",
					"$(inherited)",
				);
				GCC_WARN_64_TO_32_BIT_CONVERSION = YES;
				GCC_WARN_ABOUT_RETURN_TYPE = YES_ERROR;
				GCC_WARN_UNDECLARED_SELECTOR = YES;
				GCC_WARN_UNINITIALIZED_AUTOS = YES_AGGRESSIVE;
				GCC_WARN_UNUSED_FUNCTION = YES;
				GCC_WARN_UNUSED_VARIABLE = YES;
				IPHONEOS_DEPLOYMENT_TARGET = 9.1;
				MTL_ENABLE_DEBUG_INFO = YES;
				ONLY_ACTIVE_ARCH = YES;
				SDKROOT = iphoneos;
				SWIFT_OPTIMIZATION_LEVEL = "-Onone";
				TARGETED_DEVICE_FAMILY = "1,2";
			};
			name = Debug;
		};
		821D41D91BF4B8F9006A0F95 /* Release */ = {
			isa = XCBuildConfiguration;
			buildSettings = {
				ALWAYS_SEARCH_USER_PATHS = NO;
				CLANG_CXX_LANGUAGE_STANDARD = "gnu++0x";
				CLANG_CXX_LIBRARY = "libc++";
				CLANG_ENABLE_MODULES = YES;
				CLANG_ENABLE_OBJC_ARC = YES;
				CLANG_WARN_BOOL_CONVERSION = YES;
				CLANG_WARN_CONSTANT_CONVERSION = YES;
				CLANG_WARN_DIRECT_OBJC_ISA_USAGE = YES_ERROR;
				CLANG_WARN_EMPTY_BODY = YES;
				CLANG_WARN_ENUM_CONVERSION = YES;
				CLANG_WARN_INT_CONVERSION = YES;
				CLANG_WARN_OBJC_ROOT_CLASS = YES_ERROR;
				CLANG_WARN_UNREACHABLE_CODE = YES;
				CLANG_WARN__DUPLICATE_METHOD_MATCH = YES;
				"CODE_SIGN_IDENTITY[sdk=iphoneos*]" = "iPhone Developer";
				COPY_PHASE_STRIP = NO;
				DEBUG_INFORMATION_FORMAT = "dwarf-with-dsym";
				ENABLE_NS_ASSERTIONS = NO;
				ENABLE_STRICT_OBJC_MSGSEND = YES;
				GCC_C_LANGUAGE_STANDARD = gnu99;
				GCC_NO_COMMON_BLOCKS = YES;
				GCC_WARN_64_TO_32_BIT_CONVERSION = YES;
				GCC_WARN_ABOUT_RETURN_TYPE = YES_ERROR;
				GCC_WARN_UNDECLARED_SELECTOR = YES;
				GCC_WARN_UNINITIALIZED_AUTOS = YES_AGGRESSIVE;
				GCC_WARN_UNUSED_FUNCTION = YES;
				GCC_WARN_UNUSED_VARIABLE = YES;
				IPHONEOS_DEPLOYMENT_TARGET = 9.1;
				MTL_ENABLE_DEBUG_INFO = NO;
				SDKROOT = iphoneos;
				TARGETED_DEVICE_FAMILY = "1,2";
				VALIDATE_PRODUCT = YES;
			};
			name = Release;
		};
		821D41DB1BF4B8F9006A0F95 /* Debug */ = {
			isa = XCBuildConfiguration;
			baseConfigurationReference = 641E17192712152436FF6FA4 /* Pods.debug.xcconfig */;
			buildSettings = {
				ASSETCATALOG_COMPILER_APPICON_NAME = AppIcon;
				CLANG_ENABLE_MODULES = YES;
				INFOPLIST_FILE = "libxlsxwriter-Swift/Info.plist";
				LD_RUNPATH_SEARCH_PATHS = "$(inherited) @executable_path/Frameworks";
				PRODUCT_BUNDLE_IDENTIFIER = "com.icecreamstudios.libxlsxwriter-Swift";
				PRODUCT_NAME = "$(TARGET_NAME)";
				SWIFT_OBJC_BRIDGING_HEADER = "libxlsxwriter-Swift/libxlsxwriter-Swift-Bridging-Header.h";
				SWIFT_OPTIMIZATION_LEVEL = "-Onone";
			};
			name = Debug;
		};
		821D41DC1BF4B8F9006A0F95 /* Release */ = {
			isa = XCBuildConfiguration;
			baseConfigurationReference = 051E2C3490FF63E549DA50A2 /* Pods.release.xcconfig */;
			buildSettings = {
				ASSETCATALOG_COMPILER_APPICON_NAME = AppIcon;
				CLANG_ENABLE_MODULES = YES;
				INFOPLIST_FILE = "libxlsxwriter-Swift/Info.plist";
				LD_RUNPATH_SEARCH_PATHS = "$(inherited) @executable_path/Frameworks";
				PRODUCT_BUNDLE_IDENTIFIER = "com.icecreamstudios.libxlsxwriter-Swift";
				PRODUCT_NAME = "$(TARGET_NAME)";
				SWIFT_OBJC_BRIDGING_HEADER = "libxlsxwriter-Swift/libxlsxwriter-Swift-Bridging-Header.h";
			};
			name = Release;
		};
/* End XCBuildConfiguration section */

/* Begin XCConfigurationList section */
		821D41C31BF4B8F9006A0F95 /* Build configuration list for PBXProject "libxlsxwriter-Swift" */ = {
			isa = XCConfigurationList;
			buildConfigurations = (
				821D41D81BF4B8F9006A0F95 /* Debug */,
				821D41D91BF4B8F9006A0F95 /* Release */,
			);
			defaultConfigurationIsVisible = 0;
			defaultConfigurationName = Release;
		};
		821D41DA1BF4B8F9006A0F95 /* Build configuration list for PBXNativeTarget "libxlsxwriter-Swift" */ = {
			isa = XCConfigurationList;
			buildConfigurations = (
				821D41DB1BF4B8F9006A0F95 /* Debug */,
				821D41DC1BF4B8F9006A0F95 /* Release */,
			);
			defaultConfigurationIsVisible = 0;
			defaultConfigurationName = Release;
		};
/* End XCConfigurationList section */
	};
	rootObject = 821D41C01BF4B8F9006A0F95 /* Project object */;
}
