// !$*UTF8*$!
{
	archiveVersion = 1;
	classes = {
	};
	objectVersion = 46;
	objects = {

/* Begin PBXBuildFile section */
		7CE6C2FFB24FDF2FBFF2DE2D /* libPods.a in Frameworks */ = {isa = PBXBuildFile; fileRef = 2954462BE814A759BD9E62C7 /* libPods.a */; };
		8227CF141BF4F27D003202E4 /* DefaultExamples.m in Sources */ = {isa = PBXBuildFile; fileRef = 8227CEEA1BF4F27D003202E4 /* DefaultExamples.m */; };
		8227CF151BF4F27D003202E4 /* AnatomyExample.m in Sources */ = {isa = PBXBuildFile; fileRef = 8227CEED1BF4F27D003202E4 /* AnatomyExample.m */; };
		8227CF161BF4F27D003202E4 /* ArrayFormulaExample.m in Sources */ = {isa = PBXBuildFile; fileRef = 8227CEEF1BF4F27D003202E4 /* ArrayFormulaExample.m */; };
		8227CF171BF4F27D003202E4 /* AutofilterExample.m in Sources */ = {isa = PBXBuildFile; fileRef = 8227CEF11BF4F27D003202E4 /* AutofilterExample.m */; };
		8227CF181BF4F27D003202E4 /* ConstantMemoryExample.m in Sources */ = {isa = PBXBuildFile; fileRef = 8227CEF31BF4F27D003202E4 /* ConstantMemoryExample.m */; };
		8227CF191BF4F27D003202E4 /* DatesAndTimes1Example.m in Sources */ = {isa = PBXBuildFile; fileRef = 8227CEF51BF4F27D003202E4 /* DatesAndTimes1Example.m */; };
		8227CF1A1BF4F27D003202E4 /* DatesAndTimes2Example.m in Sources */ = {isa = PBXBuildFile; fileRef = 8227CEF71BF4F27D003202E4 /* DatesAndTimes2Example.m */; };
		8227CF1B1BF4F27D003202E4 /* DatesAndTimes3Example.m in Sources */ = {isa = PBXBuildFile; fileRef = 8227CEF91BF4F27D003202E4 /* DatesAndTimes3Example.m */; };
		8227CF1C1BF4F27D003202E4 /* DefinedNameExample.m in Sources */ = {isa = PBXBuildFile; fileRef = 8227CEFB1BF4F27D003202E4 /* DefinedNameExample.m */; };
		8227CF1D1BF4F27D003202E4 /* DemoExample.m in Sources */ = {isa = PBXBuildFile; fileRef = 8227CEFD1BF4F27D003202E4 /* DemoExample.m */; };
		8227CF1E1BF4F27D003202E4 /* FormatFontExample.m in Sources */ = {isa = PBXBuildFile; fileRef = 8227CEFF1BF4F27D003202E4 /* FormatFontExample.m */; };
		8227CF1F1BF4F27D003202E4 /* FormatNumFormatExample.m in Sources */ = {isa = PBXBuildFile; fileRef = 8227CF011BF4F27D003202E4 /* FormatNumFormatExample.m */; };
		8227CF201BF4F27D003202E4 /* HeadersFootersExample.m in Sources */ = {isa = PBXBuildFile; fileRef = 8227CF031BF4F27D003202E4 /* HeadersFootersExample.m */; };
		8227CF211BF4F27D003202E4 /* HelloExample.m in Sources */ = {isa = PBXBuildFile; fileRef = 8227CF051BF4F27D003202E4 /* HelloExample.m */; };
		8227CF221BF4F27D003202E4 /* HyperlinksExample.m in Sources */ = {isa = PBXBuildFile; fileRef = 8227CF071BF4F27D003202E4 /* HyperlinksExample.m */; };
		8227CF231BF4F27D003202E4 /* MergeRangeExample.m in Sources */ = {isa = PBXBuildFile; fileRef = 8227CF091BF4F27D003202E4 /* MergeRangeExample.m */; };
		8227CF241BF4F27D003202E4 /* Tutorial1Example.m in Sources */ = {isa = PBXBuildFile; fileRef = 8227CF0B1BF4F27D003202E4 /* Tutorial1Example.m */; };
		8227CF251BF4F27D003202E4 /* Tutorial2Example.m in Sources */ = {isa = PBXBuildFile; fileRef = 8227CF0D1BF4F27D003202E4 /* Tutorial2Example.m */; };
		8227CF261BF4F27D003202E4 /* Tutorial3Example.m in Sources */ = {isa = PBXBuildFile; fileRef = 8227CF0F1BF4F27D003202E4 /* Tutorial3Example.m */; };
		8227CF271BF4F27D003202E4 /* UTF8Example.m in Sources */ = {isa = PBXBuildFile; fileRef = 8227CF111BF4F27D003202E4 /* UTF8Example.m */; };
		8227CF281BF4F27D003202E4 /* Example.m in Sources */ = {isa = PBXBuildFile; fileRef = 8227CF131BF4F27D003202E4 /* Example.m */; };
		822A54311C60CFFE0060A3EE /* TabColorsExample.m in Sources */ = {isa = PBXBuildFile; fileRef = 822A54301C60CFFE0060A3EE /* TabColorsExample.m */; };
		822A54341C60D00F0060A3EE /* HideSheetExample.m in Sources */ = {isa = PBXBuildFile; fileRef = 822A54331C60D00F0060A3EE /* HideSheetExample.m */; };
		822A54371C60D01D0060A3EE /* DocPropertiesExample.m in Sources */ = {isa = PBXBuildFile; fileRef = 822A54361C60D01D0060A3EE /* DocPropertiesExample.m */; };
		822A543A1C60D02E0060A3EE /* WorksheetProtectionExample.m in Sources */ = {isa = PBXBuildFile; fileRef = 822A54391C60D02E0060A3EE /* WorksheetProtectionExample.m */; };
		822A543D1C60D03C0060A3EE /* HideRowColExample.m in Sources */ = {isa = PBXBuildFile; fileRef = 822A543C1C60D03C0060A3EE /* HideRowColExample.m */; };
		822A54401C60D04C0060A3EE /* PanesExample.m in Sources */ = {isa = PBXBuildFile; fileRef = 822A543F1C60D04C0060A3EE /* PanesExample.m */; };
		82B62ABF1BF34AC000FE079F /* main.m in Sources */ = {isa = PBXBuildFile; fileRef = 82B62ABE1BF34AC000FE079F /* main.m */; };
		82B62AC21BF34AC000FE079F /* AppDelegate.m in Sources */ = {isa = PBXBuildFile; fileRef = 82B62AC11BF34AC000FE079F /* AppDelegate.m */; };
		82B62AC81BF34AC000FE079F /* Main.storyboard in Resources */ = {isa = PBXBuildFile; fileRef = 82B62AC61BF34AC000FE079F /* Main.storyboard */; };
		82B62ACA1BF34AC000FE079F /* Assets.xcassets in Resources */ = {isa = PBXBuildFile; fileRef = 82B62AC91BF34AC000FE079F /* Assets.xcassets */; };
		82B62ACD1BF34AC000FE079F /* LaunchScreen.storyboard in Resources */ = {isa = PBXBuildFile; fileRef = 82B62ACB1BF34AC000FE079F /* LaunchScreen.storyboard */; };
		82B62AD71BF34B9300FE079F /* ExamplePickerTableViewController.m in Sources */ = {isa = PBXBuildFile; fileRef = 82B62AD61BF34B9300FE079F /* ExamplePickerTableViewController.m */; };
		82B62ADB1BF34BB500FE079F /* ExampleViewerViewController.m in Sources */ = {isa = PBXBuildFile; fileRef = 82B62ADA1BF34BB500FE079F /* ExampleViewerViewController.m */; };
/* End PBXBuildFile section */

/* Begin PBXFileReference section */
		2954462BE814A759BD9E62C7 /* libPods.a */ = {isa = PBXFileReference; explicitFileType = archive.ar; includeInIndex = 0; path = libPods.a; sourceTree = BUILT_PRODUCTS_DIR; };
		69D0556B37DA4A445D5CF4C6 /* Pods.release.xcconfig */ = {isa = PBXFileReference; includeInIndex = 1; lastKnownFileType = text.xcconfig; name = Pods.release.xcconfig; path = "Pods/Target Support Files/Pods/Pods.release.xcconfig"; sourceTree = "<group>"; };
		8227CEE91BF4F27D003202E4 /* DefaultExamples.h */ = {isa = PBXFileReference; fileEncoding = 4; lastKnownFileType = sourcecode.c.h; path = DefaultExamples.h; sourceTree = "<group>"; };
		8227CEEA1BF4F27D003202E4 /* DefaultExamples.m */ = {isa = PBXFileReference; fileEncoding = 4; lastKnownFileType = sourcecode.c.objc; path = DefaultExamples.m; sourceTree = "<group>"; };
		8227CEEC1BF4F27D003202E4 /* AnatomyExample.h */ = {isa = PBXFileReference; fileEncoding = 4; lastKnownFileType = sourcecode.c.h; path = AnatomyExample.h; sourceTree = "<group>"; };
		8227CEED1BF4F27D003202E4 /* AnatomyExample.m */ = {isa = PBXFileReference; fileEncoding = 4; lastKnownFileType = sourcecode.c.objc; path = AnatomyExample.m; sourceTree = "<group>"; };
		8227CEEE1BF4F27D003202E4 /* ArrayFormulaExample.h */ = {isa = PBXFileReference; fileEncoding = 4; lastKnownFileType = sourcecode.c.h; path = ArrayFormulaExample.h; sourceTree = "<group>"; };
		8227CEEF1BF4F27D003202E4 /* ArrayFormulaExample.m */ = {isa = PBXFileReference; fileEncoding = 4; lastKnownFileType = sourcecode.c.objc; path = ArrayFormulaExample.m; sourceTree = "<group>"; };
		8227CEF01BF4F27D003202E4 /* AutofilterExample.h */ = {isa = PBXFileReference; fileEncoding = 4; lastKnownFileType = sourcecode.c.h; path = AutofilterExample.h; sourceTree = "<group>"; };
		8227CEF11BF4F27D003202E4 /* AutofilterExample.m */ = {isa = PBXFileReference; fileEncoding = 4; lastKnownFileType = sourcecode.c.objc; path = AutofilterExample.m; sourceTree = "<group>"; };
		8227CEF21BF4F27D003202E4 /* ConstantMemoryExample.h */ = {isa = PBXFileReference; fileEncoding = 4; lastKnownFileType = sourcecode.c.h; path = ConstantMemoryExample.h; sourceTree = "<group>"; };
		8227CEF31BF4F27D003202E4 /* ConstantMemoryExample.m */ = {isa = PBXFileReference; fileEncoding = 4; lastKnownFileType = sourcecode.c.objc; path = ConstantMemoryExample.m; sourceTree = "<group>"; };
		8227CEF41BF4F27D003202E4 /* DatesAndTimes1Example.h */ = {isa = PBXFileReference; fileEncoding = 4; lastKnownFileType = sourcecode.c.h; path = DatesAndTimes1Example.h; sourceTree = "<group>"; };
		8227CEF51BF4F27D003202E4 /* DatesAndTimes1Example.m */ = {isa = PBXFileReference; fileEncoding = 4; lastKnownFileType = sourcecode.c.objc; path = DatesAndTimes1Example.m; sourceTree = "<group>"; };
		8227CEF61BF4F27D003202E4 /* DatesAndTimes2Example.h */ = {isa = PBXFileReference; fileEncoding = 4; lastKnownFileType = sourcecode.c.h; path = DatesAndTimes2Example.h; sourceTree = "<group>"; };
		8227CEF71BF4F27D003202E4 /* DatesAndTimes2Example.m */ = {isa = PBXFileReference; fileEncoding = 4; lastKnownFileType = sourcecode.c.objc; path = DatesAndTimes2Example.m; sourceTree = "<group>"; };
		8227CEF81BF4F27D003202E4 /* DatesAndTimes3Example.h */ = {isa = PBXFileReference; fileEncoding = 4; lastKnownFileType = sourcecode.c.h; path = DatesAndTimes3Example.h; sourceTree = "<group>"; };
		8227CEF91BF4F27D003202E4 /* DatesAndTimes3Example.m */ = {isa = PBXFileReference; fileEncoding = 4; lastKnownFileType = sourcecode.c.objc; path = DatesAndTimes3Example.m; sourceTree = "<group>"; };
		8227CEFA1BF4F27D003202E4 /* DefinedNameExample.h */ = {isa = PBXFileReference; fileEncoding = 4; lastKnownFileType = sourcecode.c.h; path = DefinedNameExample.h; sourceTree = "<group>"; };
		8227CEFB1BF4F27D003202E4 /* DefinedNameExample.m */ = {isa = PBXFileReference; fileEncoding = 4; lastKnownFileType = sourcecode.c.objc; path = DefinedNameExample.m; sourceTree = "<group>"; };
		8227CEFC1BF4F27D003202E4 /* DemoExample.h */ = {isa = PBXFileReference; fileEncoding = 4; lastKnownFileType = sourcecode.c.h; path = DemoExample.h; sourceTree = "<group>"; };
		8227CEFD1BF4F27D003202E4 /* DemoExample.m */ = {isa = PBXFileReference; fileEncoding = 4; lastKnownFileType = sourcecode.c.objc; path = DemoExample.m; sourceTree = "<group>"; };
		8227CEFE1BF4F27D003202E4 /* FormatFontExample.h */ = {isa = PBXFileReference; fileEncoding = 4; lastKnownFileType = sourcecode.c.h; path = FormatFontExample.h; sourceTree = "<group>"; };
		8227CEFF1BF4F27D003202E4 /* FormatFontExample.m */ = {isa = PBXFileReference; fileEncoding = 4; lastKnownFileType = sourcecode.c.objc; path = FormatFontExample.m; sourceTree = "<group>"; };
		8227CF001BF4F27D003202E4 /* FormatNumFormatExample.h */ = {isa = PBXFileReference; fileEncoding = 4; lastKnownFileType = sourcecode.c.h; path = FormatNumFormatExample.h; sourceTree = "<group>"; };
		8227CF011BF4F27D003202E4 /* FormatNumFormatExample.m */ = {isa = PBXFileReference; fileEncoding = 4; lastKnownFileType = sourcecode.c.objc; path = FormatNumFormatExample.m; sourceTree = "<group>"; };
		8227CF021BF4F27D003202E4 /* HeadersFootersExample.h */ = {isa = PBXFileReference; fileEncoding = 4; lastKnownFileType = sourcecode.c.h; path = HeadersFootersExample.h; sourceTree = "<group>"; };
		8227CF031BF4F27D003202E4 /* HeadersFootersExample.m */ = {isa = PBXFileReference; fileEncoding = 4; lastKnownFileType = sourcecode.c.objc; path = HeadersFootersExample.m; sourceTree = "<group>"; };
		8227CF041BF4F27D003202E4 /* HelloExample.h */ = {isa = PBXFileReference; fileEncoding = 4; lastKnownFileType = sourcecode.c.h; path = HelloExample.h; sourceTree = "<group>"; };
		8227CF051BF4F27D003202E4 /* HelloExample.m */ = {isa = PBXFileReference; fileEncoding = 4; lastKnownFileType = sourcecode.c.objc; path = HelloExample.m; sourceTree = "<group>"; };
		8227CF061BF4F27D003202E4 /* HyperlinksExample.h */ = {isa = PBXFileReference; fileEncoding = 4; lastKnownFileType = sourcecode.c.h; path = HyperlinksExample.h; sourceTree = "<group>"; };
		8227CF071BF4F27D003202E4 /* HyperlinksExample.m */ = {isa = PBXFileReference; fileEncoding = 4; lastKnownFileType = sourcecode.c.objc; path = HyperlinksExample.m; sourceTree = "<group>"; };
		8227CF081BF4F27D003202E4 /* MergeRangeExample.h */ = {isa = PBXFileReference; fileEncoding = 4; lastKnownFileType = sourcecode.c.h; path = MergeRangeExample.h; sourceTree = "<group>"; };
		8227CF091BF4F27D003202E4 /* MergeRangeExample.m */ = {isa = PBXFileReference; fileEncoding = 4; lastKnownFileType = sourcecode.c.objc; path = MergeRangeExample.m; sourceTree = "<group>"; };
		8227CF0A1BF4F27D003202E4 /* Tutorial1Example.h */ = {isa = PBXFileReference; fileEncoding = 4; lastKnownFileType = sourcecode.c.h; path = Tutorial1Example.h; sourceTree = "<group>"; };
		8227CF0B1BF4F27D003202E4 /* Tutorial1Example.m */ = {isa = PBXFileReference; fileEncoding = 4; lastKnownFileType = sourcecode.c.objc; path = Tutorial1Example.m; sourceTree = "<group>"; };
		8227CF0C1BF4F27D003202E4 /* Tutorial2Example.h */ = {isa = PBXFileReference; fileEncoding = 4; lastKnownFileType = sourcecode.c.h; path = Tutorial2Example.h; sourceTree = "<group>"; };
		8227CF0D1BF4F27D003202E4 /* Tutorial2Example.m */ = {isa = PBXFileReference; fileEncoding = 4; lastKnownFileType = sourcecode.c.objc; path = Tutorial2Example.m; sourceTree = "<group>"; };
		8227CF0E1BF4F27D003202E4 /* Tutorial3Example.h */ = {isa = PBXFileReference; fileEncoding = 4; lastKnownFileType = sourcecode.c.h; path = Tutorial3Example.h; sourceTree = "<group>"; };
		8227CF0F1BF4F27D003202E4 /* Tutorial3Example.m */ = {isa = PBXFileReference; fileEncoding = 4; lastKnownFileType = sourcecode.c.objc; path = Tutorial3Example.m; sourceTree = "<group>"; };
		8227CF101BF4F27D003202E4 /* UTF8Example.h */ = {isa = PBXFileReference; fileEncoding = 4; lastKnownFileType = sourcecode.c.h; path = UTF8Example.h; sourceTree = "<group>"; };
		8227CF111BF4F27D003202E4 /* UTF8Example.m */ = {isa = PBXFileReference; fileEncoding = 4; lastKnownFileType = sourcecode.c.objc; path = UTF8Example.m; sourceTree = "<group>"; };
		8227CF121BF4F27D003202E4 /* Example.h */ = {isa = PBXFileReference; fileEncoding = 4; lastKnownFileType = sourcecode.c.h; path = Example.h; sourceTree = "<group>"; };
		8227CF131BF4F27D003202E4 /* Example.m */ = {isa = PBXFileReference; fileEncoding = 4; lastKnownFileType = sourcecode.c.objc; path = Example.m; sourceTree = "<group>"; };
		822A542F1C60CFFE0060A3EE /* TabColorsExample.h */ = {isa = PBXFileReference; fileEncoding = 4; lastKnownFileType = sourcecode.c.h; path = TabColorsExample.h; sourceTree = "<group>"; };
		822A54301C60CFFE0060A3EE /* TabColorsExample.m */ = {isa = PBXFileReference; fileEncoding = 4; lastKnownFileType = sourcecode.c.objc; path = TabColorsExample.m; sourceTree = "<group>"; };
		822A54321C60D00F0060A3EE /* HideSheetExample.h */ = {isa = PBXFileReference; fileEncoding = 4; lastKnownFileType = sourcecode.c.h; path = HideSheetExample.h; sourceTree = "<group>"; };
		822A54331C60D00F0060A3EE /* HideSheetExample.m */ = {isa = PBXFileReference; fileEncoding = 4; lastKnownFileType = sourcecode.c.objc; path = HideSheetExample.m; sourceTree = "<group>"; };
		822A54351C60D01D0060A3EE /* DocPropertiesExample.h */ = {isa = PBXFileReference; fileEncoding = 4; lastKnownFileType = sourcecode.c.h; path = DocPropertiesExample.h; sourceTree = "<group>"; };
		822A54361C60D01D0060A3EE /* DocPropertiesExample.m */ = {isa = PBXFileReference; fileEncoding = 4; lastKnownFileType = sourcecode.c.objc; path = DocPropertiesExample.m; sourceTree = "<group>"; };
		822A54381C60D02E0060A3EE /* WorksheetProtectionExample.h */ = {isa = PBXFileReference; fileEncoding = 4; lastKnownFileType = sourcecode.c.h; path = WorksheetProtectionExample.h; sourceTree = "<group>"; };
		822A54391C60D02E0060A3EE /* WorksheetProtectionExample.m */ = {isa = PBXFileReference; fileEncoding = 4; lastKnownFileType = sourcecode.c.objc; path = WorksheetProtectionExample.m; sourceTree = "<group>"; };
		822A543B1C60D03C0060A3EE /* HideRowColExample.h */ = {isa = PBXFileReference; fileEncoding = 4; lastKnownFileType = sourcecode.c.h; path = HideRowColExample.h; sourceTree = "<group>"; };
		822A543C1C60D03C0060A3EE /* HideRowColExample.m */ = {isa = PBXFileReference; fileEncoding = 4; lastKnownFileType = sourcecode.c.objc; path = HideRowColExample.m; sourceTree = "<group>"; };
		822A543E1C60D04C0060A3EE /* PanesExample.h */ = {isa = PBXFileReference; fileEncoding = 4; lastKnownFileType = sourcecode.c.h; path = PanesExample.h; sourceTree = "<group>"; };
		822A543F1C60D04C0060A3EE /* PanesExample.m */ = {isa = PBXFileReference; fileEncoding = 4; lastKnownFileType = sourcecode.c.objc; path = PanesExample.m; sourceTree = "<group>"; };
		82B62ABA1BF34AC000FE079F /* libxlsxwriter-ObjC.app */ = {isa = PBXFileReference; explicitFileType = wrapper.application; includeInIndex = 0; path = "libxlsxwriter-ObjC.app"; sourceTree = BUILT_PRODUCTS_DIR; };
		82B62ABE1BF34AC000FE079F /* main.m */ = {isa = PBXFileReference; lastKnownFileType = sourcecode.c.objc; path = main.m; sourceTree = "<group>"; };
		82B62AC01BF34AC000FE079F /* AppDelegate.h */ = {isa = PBXFileReference; lastKnownFileType = sourcecode.c.h; path = AppDelegate.h; sourceTree = "<group>"; };
		82B62AC11BF34AC000FE079F /* AppDelegate.m */ = {isa = PBXFileReference; lastKnownFileType = sourcecode.c.objc; path = AppDelegate.m; sourceTree = "<group>"; };
		82B62AC71BF34AC000FE079F /* Base */ = {isa = PBXFileReference; lastKnownFileType = file.storyboard; name = Base; path = Base.lproj/Main.storyboard; sourceTree = "<group>"; };
		82B62AC91BF34AC000FE079F /* Assets.xcassets */ = {isa = PBXFileReference; lastKnownFileType = folder.assetcatalog; path = Assets.xcassets; sourceTree = "<group>"; };
		82B62ACC1BF34AC000FE079F /* Base */ = {isa = PBXFileReference; lastKnownFileType = file.storyboard; name = Base; path = Base.lproj/LaunchScreen.storyboard; sourceTree = "<group>"; };
		82B62ACE1BF34AC000FE079F /* Info.plist */ = {isa = PBXFileReference; lastKnownFileType = text.plist.xml; path = Info.plist; sourceTree = "<group>"; };
		82B62AD51BF34B9300FE079F /* ExamplePickerTableViewController.h */ = {isa = PBXFileReference; fileEncoding = 4; lastKnownFileType = sourcecode.c.h; path = ExamplePickerTableViewController.h; sourceTree = "<group>"; };
		82B62AD61BF34B9300FE079F /* ExamplePickerTableViewController.m */ = {isa = PBXFileReference; fileEncoding = 4; lastKnownFileType = sourcecode.c.objc; path = ExamplePickerTableViewController.m; sourceTree = "<group>"; };
		82B62AD91BF34BB500FE079F /* ExampleViewerViewController.h */ = {isa = PBXFileReference; fileEncoding = 4; lastKnownFileType = sourcecode.c.h; path = ExampleViewerViewController.h; sourceTree = "<group>"; };
		82B62ADA1BF34BB500FE079F /* ExampleViewerViewController.m */ = {isa = PBXFileReference; fileEncoding = 4; lastKnownFileType = sourcecode.c.objc; path = ExampleViewerViewController.m; sourceTree = "<group>"; };
		CB92348A8F850899C9645DC9 /* Pods.debug.xcconfig */ = {isa = PBXFileReference; includeInIndex = 1; lastKnownFileType = text.xcconfig; name = Pods.debug.xcconfig; path = "Pods/Target Support Files/Pods/Pods.debug.xcconfig"; sourceTree = "<group>"; };
/* End PBXFileReference section */

/* Begin PBXFrameworksBuildPhase section */
		82B62AB71BF34AC000FE079F /* Frameworks */ = {
			isa = PBXFrameworksBuildPhase;
			buildActionMask = 2147483647;
			files = (
				7CE6C2FFB24FDF2FBFF2DE2D /* libPods.a in Frameworks */,
			);
			runOnlyForDeploymentPostprocessing = 0;
		};
/* End PBXFrameworksBuildPhase section */

/* Begin PBXGroup section */
		8227CEE71BF4F27D003202E4 /* Examples */ = {
			isa = PBXGroup;
			children = (
				8227CF121BF4F27D003202E4 /* Example.h */,
				8227CF131BF4F27D003202E4 /* Example.m */,
				8227CEE81BF4F27D003202E4 /* DefaultExamples */,
			);
			name = Examples;
			path = ../../Common/Examples;
			sourceTree = "<group>";
		};
		8227CEE81BF4F27D003202E4 /* DefaultExamples */ = {
			isa = PBXGroup;
			children = (
				8227CEE91BF4F27D003202E4 /* DefaultExamples.h */,
				8227CEEA1BF4F27D003202E4 /* DefaultExamples.m */,
				8227CEEB1BF4F27D003202E4 /* Examples */,
			);
			path = DefaultExamples;
			sourceTree = "<group>";
		};
		8227CEEB1BF4F27D003202E4 /* Examples */ = {
			isa = PBXGroup;
			children = (
				8227CF041BF4F27D003202E4 /* HelloExample.h */,
				8227CF051BF4F27D003202E4 /* HelloExample.m */,
				8227CEEC1BF4F27D003202E4 /* AnatomyExample.h */,
				8227CEED1BF4F27D003202E4 /* AnatomyExample.m */,
				8227CEFC1BF4F27D003202E4 /* DemoExample.h */,
				8227CEFD1BF4F27D003202E4 /* DemoExample.m */,
				8227CF0A1BF4F27D003202E4 /* Tutorial1Example.h */,
				8227CF0B1BF4F27D003202E4 /* Tutorial1Example.m */,
				8227CF0C1BF4F27D003202E4 /* Tutorial2Example.h */,
				8227CF0D1BF4F27D003202E4 /* Tutorial2Example.m */,
				8227CF0E1BF4F27D003202E4 /* Tutorial3Example.h */,
				8227CF0F1BF4F27D003202E4 /* Tutorial3Example.m */,
				8227CEFE1BF4F27D003202E4 /* FormatFontExample.h */,
				8227CEFF1BF4F27D003202E4 /* FormatFontExample.m */,
				8227CF001BF4F27D003202E4 /* FormatNumFormatExample.h */,
				8227CF011BF4F27D003202E4 /* FormatNumFormatExample.m */,
				8227CEF41BF4F27D003202E4 /* DatesAndTimes1Example.h */,
				8227CEF51BF4F27D003202E4 /* DatesAndTimes1Example.m */,
				8227CEF61BF4F27D003202E4 /* DatesAndTimes2Example.h */,
				8227CEF71BF4F27D003202E4 /* DatesAndTimes2Example.m */,
				8227CEF81BF4F27D003202E4 /* DatesAndTimes3Example.h */,
				8227CEF91BF4F27D003202E4 /* DatesAndTimes3Example.m */,
				8227CF061BF4F27D003202E4 /* HyperlinksExample.h */,
				8227CF071BF4F27D003202E4 /* HyperlinksExample.m */,
				8227CEEE1BF4F27D003202E4 /* ArrayFormulaExample.h */,
				8227CEEF1BF4F27D003202E4 /* ArrayFormulaExample.m */,
				8227CF101BF4F27D003202E4 /* UTF8Example.h */,
				8227CF111BF4F27D003202E4 /* UTF8Example.m */,
				8227CEF21BF4F27D003202E4 /* ConstantMemoryExample.h */,
				8227CEF31BF4F27D003202E4 /* ConstantMemoryExample.m */,
				8227CF081BF4F27D003202E4 /* MergeRangeExample.h */,
				8227CF091BF4F27D003202E4 /* MergeRangeExample.m */,
				8227CEF01BF4F27D003202E4 /* AutofilterExample.h */,
				8227CEF11BF4F27D003202E4 /* AutofilterExample.m */,
				8227CF021BF4F27D003202E4 /* HeadersFootersExample.h */,
				8227CF031BF4F27D003202E4 /* HeadersFootersExample.m */,
				8227CEFA1BF4F27D003202E4 /* DefinedNameExample.h */,
				8227CEFB1BF4F27D003202E4 /* DefinedNameExample.m */,
				822A542F1C60CFFE0060A3EE /* TabColorsExample.h */,
				822A54301C60CFFE0060A3EE /* TabColorsExample.m */,
				822A54321C60D00F0060A3EE /* HideSheetExample.h */,
				822A54331C60D00F0060A3EE /* HideSheetExample.m */,
				822A54351C60D01D0060A3EE /* DocPropertiesExample.h */,
				822A54361C60D01D0060A3EE /* DocPropertiesExample.m */,
				822A54381C60D02E0060A3EE /* WorksheetProtectionExample.h */,
				822A54391C60D02E0060A3EE /* WorksheetProtectionExample.m */,
				822A543B1C60D03C0060A3EE /* HideRowColExample.h */,
				822A543C1C60D03C0060A3EE /* HideRowColExample.m */,
				822A543E1C60D04C0060A3EE /* PanesExample.h */,
				822A543F1C60D04C0060A3EE /* PanesExample.m */,
			);
			path = Examples;
			sourceTree = "<group>";
		};
		82B62AB11BF34AC000FE079F = {
			isa = PBXGroup;
			children = (
				82B62ABC1BF34AC000FE079F /* libxlsxwriter-ObjC */,
				82B62ABB1BF34AC000FE079F /* Products */,
				BD7DACEFC09160328B8C3637 /* Pods */,
				EA1C346E332651298551CECD /* Frameworks */,
			);
			sourceTree = "<group>";
		};
		82B62ABB1BF34AC000FE079F /* Products */ = {
			isa = PBXGroup;
			children = (
				82B62ABA1BF34AC000FE079F /* libxlsxwriter-ObjC.app */,
			);
			name = Products;
			sourceTree = "<group>";
		};
		82B62ABC1BF34AC000FE079F /* libxlsxwriter-ObjC */ = {
			isa = PBXGroup;
			children = (
				82B62AC61BF34AC000FE079F /* Main.storyboard */,
				82B62AD41BF34B4300FE079F /* App Delegate */,
				82B62AD81BF34B9A00FE079F /* Example Picker */,
				82B62ADC1BF34BBD00FE079F /* Example Viewer */,
				8227CEE71BF4F27D003202E4 /* Examples */,
				82B62ABD1BF34AC000FE079F /* Supporting Files */,
			);
			path = "libxlsxwriter-ObjC";
			sourceTree = "<group>";
		};
		82B62ABD1BF34AC000FE079F /* Supporting Files */ = {
			isa = PBXGroup;
			children = (
				82B62AC91BF34AC000FE079F /* Assets.xcassets */,
				82B62ACB1BF34AC000FE079F /* LaunchScreen.storyboard */,
				82B62ACE1BF34AC000FE079F /* Info.plist */,
				82B62ABE1BF34AC000FE079F /* main.m */,
			);
			name = "Supporting Files";
			sourceTree = "<group>";
		};
		82B62AD41BF34B4300FE079F /* App Delegate */ = {
			isa = PBXGroup;
			children = (
				82B62AC01BF34AC000FE079F /* AppDelegate.h */,
				82B62AC11BF34AC000FE079F /* AppDelegate.m */,
			);
			name = "App Delegate";
			sourceTree = "<group>";
		};
		82B62AD81BF34B9A00FE079F /* Example Picker */ = {
			isa = PBXGroup;
			children = (
				82B62AD51BF34B9300FE079F /* ExamplePickerTableViewController.h */,
				82B62AD61BF34B9300FE079F /* ExamplePickerTableViewController.m */,
			);
			name = "Example Picker";
			sourceTree = "<group>";
		};
		82B62ADC1BF34BBD00FE079F /* Example Viewer */ = {
			isa = PBXGroup;
			children = (
				82B62AD91BF34BB500FE079F /* ExampleViewerViewController.h */,
				82B62ADA1BF34BB500FE079F /* ExampleViewerViewController.m */,
			);
			name = "Example Viewer";
			sourceTree = "<group>";
		};
		BD7DACEFC09160328B8C3637 /* Pods */ = {
			isa = PBXGroup;
			children = (
				CB92348A8F850899C9645DC9 /* Pods.debug.xcconfig */,
				69D0556B37DA4A445D5CF4C6 /* Pods.release.xcconfig */,
			);
			name = Pods;
			sourceTree = "<group>";
		};
		EA1C346E332651298551CECD /* Frameworks */ = {
			isa = PBXGroup;
			children = (
				2954462BE814A759BD9E62C7 /* libPods.a */,
			);
			name = Frameworks;
			sourceTree = "<group>";
		};
/* End PBXGroup section */

/* Begin PBXNativeTarget section */
		82B62AB91BF34AC000FE079F /* libxlsxwriter-ObjC */ = {
			isa = PBXNativeTarget;
			buildConfigurationList = 82B62AD11BF34AC000FE079F /* Build configuration list for PBXNativeTarget "libxlsxwriter-ObjC" */;
			buildPhases = (
				0EFF709223F5BC5C5B57BC7E /* Check Pods Manifest.lock */,
				82B62AB61BF34AC000FE079F /* Sources */,
				82B62AB71BF34AC000FE079F /* Frameworks */,
				82B62AB81BF34AC000FE079F /* Resources */,
				D800F2FC73CDC91FAB6FFDCA /* Embed Pods Frameworks */,
				9A69A420954F76C6C8AA187D /* Copy Pods Resources */,
			);
			buildRules = (
			);
			dependencies = (
			);
			name = "libxlsxwriter-ObjC";
			productName = "libxlsxwriter-ObjC";
			productReference = 82B62ABA1BF34AC000FE079F /* libxlsxwriter-ObjC.app */;
			productType = "com.apple.product-type.application";
		};
/* End PBXNativeTarget section */

/* Begin PBXProject section */
		82B62AB21BF34AC000FE079F /* Project object */ = {
			isa = PBXProject;
			attributes = {
				LastUpgradeCheck = 0710;
				ORGANIZATIONNAME = "Ludovico Rossi";
				TargetAttributes = {
					82B62AB91BF34AC000FE079F = {
						CreatedOnToolsVersion = 7.1;
					};
				};
			};
			buildConfigurationList = 82B62AB51BF34AC000FE079F /* Build configuration list for PBXProject "libxlsxwriter-ObjC" */;
			compatibilityVersion = "Xcode 3.2";
			developmentRegion = English;
			hasScannedForEncodings = 0;
			knownRegions = (
				en,
				Base,
			);
			mainGroup = 82B62AB11BF34AC000FE079F;
			productRefGroup = 82B62ABB1BF34AC000FE079F /* Products */;
			projectDirPath = "";
			projectRoot = "";
			targets = (
				82B62AB91BF34AC000FE079F /* libxlsxwriter-ObjC */,
			);
		};
/* End PBXProject section */

/* Begin PBXResourcesBuildPhase section */
		82B62AB81BF34AC000FE079F /* Resources */ = {
			isa = PBXResourcesBuildPhase;
			buildActionMask = 2147483647;
			files = (
				82B62ACD1BF34AC000FE079F /* LaunchScreen.storyboard in Resources */,
				82B62ACA1BF34AC000FE079F /* Assets.xcassets in Resources */,
				82B62AC81BF34AC000FE079F /* Main.storyboard in Resources */,
			);
			runOnlyForDeploymentPostprocessing = 0;
		};
/* End PBXResourcesBuildPhase section */

/* Begin PBXShellScriptBuildPhase section */
		0EFF709223F5BC5C5B57BC7E /* Check Pods Manifest.lock */ = {
			isa = PBXShellScriptBuildPhase;
			buildActionMask = 2147483647;
			files = (
			);
			inputPaths = (
			);
			name = "Check Pods Manifest.lock";
			outputPaths = (
			);
			runOnlyForDeploymentPostprocessing = 0;
			shellPath = /bin/sh;
			shellScript = "diff \"${PODS_ROOT}/../Podfile.lock\" \"${PODS_ROOT}/Manifest.lock\" > /dev/null\nif [[ $? != 0 ]] ; then\n    cat << EOM\nerror: The sandbox is not in sync with the Podfile.lock. Run 'pod install' or update your CocoaPods installation.\nEOM\n    exit 1\nfi\n";
			showEnvVarsInLog = 0;
		};
		9A69A420954F76C6C8AA187D /* Copy Pods Resources */ = {
			isa = PBXShellScriptBuildPhase;
			buildActionMask = 2147483647;
			files = (
			);
			inputPaths = (
			);
			name = "Copy Pods Resources";
			outputPaths = (
			);
			runOnlyForDeploymentPostprocessing = 0;
			shellPath = /bin/sh;
			shellScript = "\"${SRCROOT}/Pods/Target Support Files/Pods/Pods-resources.sh\"\n";
			showEnvVarsInLog = 0;
		};
		D800F2FC73CDC91FAB6FFDCA /* Embed Pods Frameworks */ = {
			isa = PBXShellScriptBuildPhase;
			buildActionMask = 2147483647;
			files = (
			);
			inputPaths = (
			);
			name = "Embed Pods Frameworks";
			outputPaths = (
			);
			runOnlyForDeploymentPostprocessing = 0;
			shellPath = /bin/sh;
			shellScript = "\"${SRCROOT}/Pods/Target Support Files/Pods/Pods-frameworks.sh\"\n";
			showEnvVarsInLog = 0;
		};
/* End PBXShellScriptBuildPhase section */

/* Begin PBXSourcesBuildPhase section */
		82B62AB61BF34AC000FE079F /* Sources */ = {
			isa = PBXSourcesBuildPhase;
			buildActionMask = 2147483647;
			files = (
				8227CF1F1BF4F27D003202E4 /* FormatNumFormatExample.m in Sources */,
				8227CF191BF4F27D003202E4 /* DatesAndTimes1Example.m in Sources */,
				822A54311C60CFFE0060A3EE /* TabColorsExample.m in Sources */,
				8227CF251BF4F27D003202E4 /* Tutorial2Example.m in Sources */,
				8227CF1E1BF4F27D003202E4 /* FormatFontExample.m in Sources */,
				8227CF271BF4F27D003202E4 /* UTF8Example.m in Sources */,
				8227CF151BF4F27D003202E4 /* AnatomyExample.m in Sources */,
				8227CF181BF4F27D003202E4 /* ConstantMemoryExample.m in Sources */,
				8227CF221BF4F27D003202E4 /* HyperlinksExample.m in Sources */,
				8227CF281BF4F27D003202E4 /* Example.m in Sources */,
				8227CF201BF4F27D003202E4 /* HeadersFootersExample.m in Sources */,
				82B62AD71BF34B9300FE079F /* ExamplePickerTableViewController.m in Sources */,
				822A54371C60D01D0060A3EE /* DocPropertiesExample.m in Sources */,
				8227CF1B1BF4F27D003202E4 /* DatesAndTimes3Example.m in Sources */,
				822A54401C60D04C0060A3EE /* PanesExample.m in Sources */,
				82B62ADB1BF34BB500FE079F /* ExampleViewerViewController.m in Sources */,
				8227CF241BF4F27D003202E4 /* Tutorial1Example.m in Sources */,
				8227CF1C1BF4F27D003202E4 /* DefinedNameExample.m in Sources */,
				8227CF211BF4F27D003202E4 /* HelloExample.m in Sources */,
				822A543A1C60D02E0060A3EE /* WorksheetProtectionExample.m in Sources */,
				822A54341C60D00F0060A3EE /* HideSheetExample.m in Sources */,
				8227CF261BF4F27D003202E4 /* Tutorial3Example.m in Sources */,
				8227CF1D1BF4F27D003202E4 /* DemoExample.m in Sources */,
				822A543D1C60D03C0060A3EE /* HideRowColExample.m in Sources */,
				8227CF231BF4F27D003202E4 /* MergeRangeExample.m in Sources */,
				8227CF1A1BF4F27D003202E4 /* DatesAndTimes2Example.m in Sources */,
				82B62AC21BF34AC000FE079F /* AppDelegate.m in Sources */,
				8227CF161BF4F27D003202E4 /* ArrayFormulaExample.m in Sources */,
				8227CF141BF4F27D003202E4 /* DefaultExamples.m in Sources */,
				8227CF171BF4F27D003202E4 /* AutofilterExample.m in Sources */,
				82B62ABF1BF34AC000FE079F /* main.m in Sources */,
			);
			runOnlyForDeploymentPostprocessing = 0;
		};
/* End PBXSourcesBuildPhase section */

/* Begin PBXVariantGroup section */
		82B62AC61BF34AC000FE079F /* Main.storyboard */ = {
			isa = PBXVariantGroup;
			children = (
				82B62AC71BF34AC000FE079F /* Base */,
			);
			name = Main.storyboard;
			sourceTree = "<group>";
		};
		82B62ACB1BF34AC000FE079F /* LaunchScreen.storyboard */ = {
			isa = PBXVariantGroup;
			children = (
				82B62ACC1BF34AC000FE079F /* Base */,
			);
			name = LaunchScreen.storyboard;
			sourceTree = "<group>";
		};
/* End PBXVariantGroup section */

/* Begin XCBuildConfiguration section */
		82B62ACF1BF34AC000FE079F /* Debug */ = {
			isa = XCBuildConfiguration;
			buildSettings = {
				ALWAYS_SEARCH_USER_PATHS = NO;
				CLANG_CXX_LANGUAGE_STANDARD = "gnu++0x";
				CLANG_CXX_LIBRARY = "libc++";
				CLANG_ENABLE_MODULES = YES;
				CLANG_ENABLE_OBJC_ARC = YES;
				CLANG_WARN_BOOL_CONVERSION = YES;
				CLANG_WARN_CONSTANT_CONVERSION = YES;
				CLANG_WARN_DIRECT_OBJC_ISA_USAGE = YES_ERROR;
				CLANG_WARN_EMPTY_BODY = YES;
				CLANG_WARN_ENUM_CONVERSION = YES;
				CLANG_WARN_INT_CONVERSION = YES;
				CLANG_WARN_OBJC_ROOT_CLASS = YES_ERROR;
				CLANG_WARN_UNREACHABLE_CODE = YES;
				CLANG_WARN__DUPLICATE_METHOD_MATCH = YES;
				"CODE_SIGN_IDENTITY[sdk=iphoneos*]" = "iPhone Developer";
				COPY_PHASE_STRIP = NO;
				DEBUG_INFORMATION_FORMAT = dwarf;
				ENABLE_STRICT_OBJC_MSGSEND = YES;
				ENABLE_TESTABILITY = YES;
				GCC_C_LANGUAGE_STANDARD = gnu99;
				GCC_DYNAMIC_NO_PIC = NO;
				GCC_NO_COMMON_BLOCKS = YES;
				GCC_OPTIMIZATION_LEVEL = 0;
				GCC_PREPROCESSOR_DEFINITIONS = (
					"DEBUG=1",
					"$(inherited)",
				);
				GCC_WARN_64_TO_32_BIT_CONVERSION = YES;
				GCC_WARN_ABOUT_RETURN_TYPE = YES_ERROR;
				GCC_WARN_UNDECLARED_SELECTOR = YES;
				GCC_WARN_UNINITIALIZED_AUTOS = YES_AGGRESSIVE;
				GCC_WARN_UNUSED_FUNCTION = YES;
				GCC_WARN_UNUSED_VARIABLE = YES;
				IPHONEOS_DEPLOYMENT_TARGET = 9.1;
				MTL_ENABLE_DEBUG_INFO = YES;
				ONLY_ACTIVE_ARCH = YES;
				SDKROOT = iphoneos;
				TARGETED_DEVICE_FAMILY = "1,2";
			};
			name = Debug;
		};
		82B62AD01BF34AC000FE079F /* Release */ = {
			isa = XCBuildConfiguration;
			buildSettings = {
				ALWAYS_SEARCH_USER_PATHS = NO;
				CLANG_CXX_LANGUAGE_STANDARD = "gnu++0x";
				CLANG_CXX_LIBRARY = "libc++";
				CLANG_ENABLE_MODULES = YES;
				CLANG_ENABLE_OBJC_ARC = YES;
				CLANG_WARN_BOOL_CONVERSION = YES;
				CLANG_WARN_CONSTANT_CONVERSION = YES;
				CLANG_WARN_DIRECT_OBJC_ISA_USAGE = YES_ERROR;
				CLANG_WARN_EMPTY_BODY = YES;
				CLANG_WARN_ENUM_CONVERSION = YES;
				CLANG_WARN_INT_CONVERSION = YES;
				CLANG_WARN_OBJC_ROOT_CLASS = YES_ERROR;
				CLANG_WARN_UNREACHABLE_CODE = YES;
				CLANG_WARN__DUPLICATE_METHOD_MATCH = YES;
				"CODE_SIGN_IDENTITY[sdk=iphoneos*]" = "iPhone Developer";
				COPY_PHASE_STRIP = NO;
				DEBUG_INFORMATION_FORMAT = "dwarf-with-dsym";
				ENABLE_NS_ASSERTIONS = NO;
				ENABLE_STRICT_OBJC_MSGSEND = YES;
				GCC_C_LANGUAGE_STANDARD = gnu99;
				GCC_NO_COMMON_BLOCKS = YES;
				GCC_WARN_64_TO_32_BIT_CONVERSION = YES;
				GCC_WARN_ABOUT_RETURN_TYPE = YES_ERROR;
				GCC_WARN_UNDECLARED_SELECTOR = YES;
				GCC_WARN_UNINITIALIZED_AUTOS = YES_AGGRESSIVE;
				GCC_WARN_UNUSED_FUNCTION = YES;
				GCC_WARN_UNUSED_VARIABLE = YES;
				IPHONEOS_DEPLOYMENT_TARGET = 9.1;
				MTL_ENABLE_DEBUG_INFO = NO;
				SDKROOT = iphoneos;
				TARGETED_DEVICE_FAMILY = "1,2";
				VALIDATE_PRODUCT = YES;
			};
			name = Release;
		};
		82B62AD21BF34AC000FE079F /* Debug */ = {
			isa = XCBuildConfiguration;
			baseConfigurationReference = CB92348A8F850899C9645DC9 /* Pods.debug.xcconfig */;
			buildSettings = {
				ASSETCATALOG_COMPILER_APPICON_NAME = AppIcon;
				INFOPLIST_FILE = "libxlsxwriter-ObjC/Info.plist";
				IPHONEOS_DEPLOYMENT_TARGET = 8.0;
				LD_RUNPATH_SEARCH_PATHS = "$(inherited) @executable_path/Frameworks";
				PRODUCT_BUNDLE_IDENTIFIER = "com.icecreamstudios.libxlsxwriter-ObjC";
				PRODUCT_NAME = "$(TARGET_NAME)";
			};
			name = Debug;
		};
		82B62AD31BF34AC000FE079F /* Release */ = {
			isa = XCBuildConfiguration;
			baseConfigurationReference = 69D0556B37DA4A445D5CF4C6 /* Pods.release.xcconfig */;
			buildSettings = {
				ASSETCATALOG_COMPILER_APPICON_NAME = AppIcon;
				INFOPLIST_FILE = "libxlsxwriter-ObjC/Info.plist";
				IPHONEOS_DEPLOYMENT_TARGET = 8.0;
				LD_RUNPATH_SEARCH_PATHS = "$(inherited) @executable_path/Frameworks";
				PRODUCT_BUNDLE_IDENTIFIER = "com.icecreamstudios.libxlsxwriter-ObjC";
				PRODUCT_NAME = "$(TARGET_NAME)";
			};
			name = Release;
		};
/* End XCBuildConfiguration section */

/* Begin XCConfigurationList section */
		82B62AB51BF34AC000FE079F /* Build configuration list for PBXProject "libxlsxwriter-ObjC" */ = {
			isa = XCConfigurationList;
			buildConfigurations = (
				82B62ACF1BF34AC000FE079F /* Debug */,
				82B62AD01BF34AC000FE079F /* Release */,
			);
			defaultConfigurationIsVisible = 0;
			defaultConfigurationName = Release;
		};
		82B62AD11BF34AC000FE079F /* Build configuration list for PBXNativeTarget "libxlsxwriter-ObjC" */ = {
			isa = XCConfigurationList;
			buildConfigurations = (
				82B62AD21BF34AC000FE079F /* Debug */,
				82B62AD31BF34AC000FE079F /* Release */,
			);
			defaultConfigurationIsVisible = 0;
			defaultConfigurationName = Release;
		};
/* End XCConfigurationList section */
	};
	rootObject = 82B62AB21BF34AC000FE079F /* Project object */;
}
