// !$*UTF8*$!
{
	archiveVersion = 1;
	classes = {
	};
	objectVersion = 46;
	objects = {

/* Begin PBXBuildFile section */
		1547E4D170F0AB57A435F533 /* libPods.a in Frameworks */ = {isa = PBXBuildFile; fileRef = EB9B9CE96F5F81DCEF9ACCA3 /* libPods.a */; };
		821D41CC1BF4B8F9006A0F95 /* AppDelegate.swift in Sources */ = {isa = PBXBuildFile; fileRef = 821D41CB1BF4B8F9006A0F95 /* AppDelegate.swift */; };
		821D41D31BF4B8F9006A0F95 /* Assets.xcassets in Resources */ = {isa = PBXBuildFile; fileRef = 821D41D21BF4B8F9006A0F95 /* Assets.xcassets */; };
		821D41D61BF4B8F9006A0F95 /* LaunchScreen.storyboard in Resources */ = {isa = PBXBuildFile; fileRef = 821D41D41BF4B8F9006A0F95 /* LaunchScreen.storyboard */; };
		8227CE9B1BF4BDC2003202E4 /* ExamplePickerTableViewController.swift in Sources */ = {isa = PBXBuildFile; fileRef = 8227CE9A1BF4BDC2003202E4 /* ExamplePickerTableViewController.swift */; };
		8227CE9E1BF4D772003202E4 /* Main.storyboard in Resources */ = {isa = PBXBuildFile; fileRef = 8227CE9C1BF4D772003202E4 /* Main.storyboard */; };
		8227CEE21BF4D9F7003202E4 /* ExampleViewerViewController.swift in Sources */ = {isa = PBXBuildFile; fileRef = 8227CEE11BF4D9F7003202E4 /* ExampleViewerViewController.swift */; };
		8227CEE61BF4E45B003202E4 /* SwiftAnatomyExample.swift in Sources */ = {isa = PBXBuildFile; fileRef = 8227CEE51BF4E45B003202E4 /* SwiftAnatomyExample.swift */; };
		822A544D1C60D5C00060A3EE /* PanesExample.m in Sources */ = {isa = PBXBuildFile; fileRef = 822A54411C60D5C00060A3EE /* PanesExample.m */; };
		822A544E1C60D5C00060A3EE /* HideRowColExample.m in Sources */ = {isa = PBXBuildFile; fileRef = 822A54421C60D5C00060A3EE /* HideRowColExample.m */; };
		822A544F1C60D5C00060A3EE /* WorksheetProtectionExample.m in Sources */ = {isa = PBXBuildFile; fileRef = 822A54431C60D5C00060A3EE /* WorksheetProtectionExample.m */; };
		822A54501C60D5C00060A3EE /* DocPropertiesExample.m in Sources */ = {isa = PBXBuildFile; fileRef = 822A54441C60D5C00060A3EE /* DocPropertiesExample.m */; };
		822A54511C60D5C00060A3EE /* HideSheetExample.m in Sources */ = {isa = PBXBuildFile; fileRef = 822A54451C60D5C00060A3EE /* HideSheetExample.m */; };
		822A54521C60D5C00060A3EE /* TabColorsExample.m in Sources */ = {isa = PBXBuildFile; fileRef = 822A54461C60D5C00060A3EE /* TabColorsExample.m */; };
		82C86CC41BF4F35100587090 /* DefaultExamples.m in Sources */ = {isa = PBXBuildFile; fileRef = 82C86C9A1BF4F35100587090 /* DefaultExamples.m */; };
		82C86CC51BF4F35100587090 /* AnatomyExample.m in Sources */ = {isa = PBXBuildFile; fileRef = 82C86C9D1BF4F35100587090 /* AnatomyExample.m */; };
		82C86CC61BF4F35100587090 /* ArrayFormulaExample.m in Sources */ = {isa = PBXBuildFile; fileRef = 82C86C9F1BF4F35100587090 /* ArrayFormulaExample.m */; };
		82C86CC71BF4F35100587090 /* AutofilterExample.m in Sources */ = {isa = PBXBuildFile; fileRef = 82C86CA11BF4F35100587090 /* AutofilterExample.m */; };
		82C86CC81BF4F35100587090 /* ConstantMemoryExample.m in Sources */ = {isa = PBXBuildFile; fileRef = 82C86CA31BF4F35100587090 /* ConstantMemoryExample.m */; };
		82C86CC91BF4F35100587090 /* DatesAndTimes1Example.m in Sources */ = {isa = PBXBuildFile; fileRef = 82C86CA51BF4F35100587090 /* DatesAndTimes1Example.m */; };
		82C86CCA1BF4F35100587090 /* DatesAndTimes2Example.m in Sources */ = {isa = PBXBuildFile; fileRef = 82C86CA71BF4F35100587090 /* DatesAndTimes2Example.m */; };
		82C86CCB1BF4F35100587090 /* DatesAndTimes3Example.m in Sources */ = {isa = PBXBuildFile; fileRef = 82C86CA91BF4F35100587090 /* DatesAndTimes3Example.m */; };
		82C86CCC1BF4F35100587090 /* DefinedNameExample.m in Sources */ = {isa = PBXBuildFile; fileRef = 82C86CAB1BF4F35100587090 /* DefinedNameExample.m */; };
		82C86CCD1BF4F35100587090 /* DemoExample.m in Sources */ = {isa = PBXBuildFile; fileRef = 82C86CAD1BF4F35100587090 /* DemoExample.m */; };
		82C86CCE1BF4F35100587090 /* FormatFontExample.m in Sources */ = {isa = PBXBuildFile; fileRef = 82C86CAF1BF4F35100587090 /* FormatFontExample.m */; };
		82C86CCF1BF4F35100587090 /* FormatNumFormatExample.m in Sources */ = {isa = PBXBuildFile; fileRef = 82C86CB11BF4F35100587090 /* FormatNumFormatExample.m */; };
		82C86CD01BF4F35100587090 /* HeadersFootersExample.m in Sources */ = {isa = PBXBuildFile; fileRef = 82C86CB31BF4F35100587090 /* HeadersFootersExample.m */; };
		82C86CD11BF4F35100587090 /* HelloExample.m in Sources */ = {isa = PBXBuildFile; fileRef = 82C86CB51BF4F35100587090 /* HelloExample.m */; };
		82C86CD21BF4F35100587090 /* HyperlinksExample.m in Sources */ = {isa = PBXBuildFile; fileRef = 82C86CB71BF4F35100587090 /* HyperlinksExample.m */; };
		82C86CD31BF4F35100587090 /* MergeRangeExample.m in Sources */ = {isa = PBXBuildFile; fileRef = 82C86CB91BF4F35100587090 /* MergeRangeExample.m */; };
		82C86CD41BF4F35100587090 /* Tutorial1Example.m in Sources */ = {isa = PBXBuildFile; fileRef = 82C86CBB1BF4F35100587090 /* Tutorial1Example.m */; };
		82C86CD51BF4F35100587090 /* Tutorial2Example.m in Sources */ = {isa = PBXBuildFile; fileRef = 82C86CBD1BF4F35100587090 /* Tutorial2Example.m */; };
		82C86CD61BF4F35100587090 /* Tutorial3Example.m in Sources */ = {isa = PBXBuildFile; fileRef = 82C86CBF1BF4F35100587090 /* Tutorial3Example.m */; };
		82C86CD71BF4F35100587090 /* UTF8Example.m in Sources */ = {isa = PBXBuildFile; fileRef = 82C86CC11BF4F35100587090 /* UTF8Example.m */; };
		82C86CD81BF4F35100587090 /* Example.m in Sources */ = {isa = PBXBuildFile; fileRef = 82C86CC31BF4F35100587090 /* Example.m */; };
/* End PBXBuildFile section */

/* Begin PBXFileReference section */
		051E2C3490FF63E549DA50A2 /* Pods.release.xcconfig */ = {isa = PBXFileReference; includeInIndex = 1; lastKnownFileType = text.xcconfig; name = Pods.release.xcconfig; path = "Pods/Target Support Files/Pods/Pods.release.xcconfig"; sourceTree = "<group>"; };
		641E17192712152436FF6FA4 /* Pods.debug.xcconfig */ = {isa = PBXFileReference; includeInIndex = 1; lastKnownFileType = text.xcconfig; name = Pods.debug.xcconfig; path = "Pods/Target Support Files/Pods/Pods.debug.xcconfig"; sourceTree = "<group>"; };
		821D41C81BF4B8F9006A0F95 /* libxlsxwriter-Swift.app */ = {isa = PBXFileReference; explicitFileType = wrapper.application; includeInIndex = 0; path = "libxlsxwriter-Swift.app"; sourceTree = BUILT_PRODUCTS_DIR; };
		821D41CB1BF4B8F9006A0F95 /* AppDelegate.swift */ = {isa = PBXFileReference; lastKnownFileType = sourcecode.swift; path = AppDelegate.swift; sourceTree = "<group>"; };
		821D41D21BF4B8F9006A0F95 /* Assets.xcassets */ = {isa = PBXFileReference; lastKnownFileType = folder.assetcatalog; path = Assets.xcassets; sourceTree = "<group>"; };
		821D41D51BF4B8F9006A0F95 /* Base */ = {isa = PBXFileReference; lastKnownFileType = file.storyboard; name = Base; path = Base.lproj/LaunchScreen.storyboard; sourceTree = "<group>"; };
		821D41D71BF4B8F9006A0F95 /* Info.plist */ = {isa = PBXFileReference; lastKnownFileType = text.plist.xml; path = Info.plist; sourceTree = "<group>"; };
		821D41DD1BF4B9C4006A0F95 /* libxlsxwriter-Swift-Bridging-Header.h */ = {isa = PBXFileReference; lastKnownFileType = sourcecode.c.h; path = "libxlsxwriter-Swift-Bridging-Header.h"; sourceTree = "<group>"; };
		8227CE9A1BF4BDC2003202E4 /* ExamplePickerTableViewController.swift */ = {isa = PBXFileReference; fileEncoding = 4; lastKnownFileType = sourcecode.swift; path = ExamplePickerTableViewController.swift; sourceTree = "<group>"; };
		8227CE9D1BF4D772003202E4 /* Base */ = {isa = PBXFileReference; lastKnownFileType = file.storyboard; name = Base; path = Base.lproj/Main.storyboard; sourceTree = "<group>"; };
		8227CEE11BF4D9F7003202E4 /* ExampleViewerViewController.swift */ = {isa = PBXFileReference; fileEncoding = 4; lastKnownFileType = sourcecode.swift; path = ExampleViewerViewController.swift; sourceTree = "<group>"; };
		8227CEE51BF4E45B003202E4 /* SwiftAnatomyExample.swift */ = {isa = PBXFileReference; fileEncoding = 4; lastKnownFileType = sourcecode.swift; path = SwiftAnatomyExample.swift; sourceTree = "<group>"; };
		822A54411C60D5C00060A3EE /* PanesExample.m */ = {isa = PBXFileReference; fileEncoding = 4; lastKnownFileType = sourcecode.c.objc; path = PanesExample.m; sourceTree = "<group>"; };
		822A54421C60D5C00060A3EE /* HideRowColExample.m */ = {isa = PBXFileReference; fileEncoding = 4; lastKnownFileType = sourcecode.c.objc; path = HideRowColExample.m; sourceTree = "<group>"; };
		822A54431C60D5C00060A3EE /* WorksheetProtectionExample.m */ = {isa = PBXFileReference; fileEncoding = 4; lastKnownFileType = sourcecode.c.objc; path = WorksheetProtectionExample.m; sourceTree = "<group>"; };
		822A54441C60D5C00060A3EE /* DocPropertiesExample.m */ = {isa = PBXFileReference; fileEncoding = 4; lastKnownFileType = sourcecode.c.objc; path = DocPropertiesExample.m; sourceTree = "<group>"; };
		822A54451C60D5C00060A3EE /* HideSheetExample.m */ = {isa = PBXFileReference; fileEncoding = 4; lastKnownFileType = sourcecode.c.objc; path = HideSheetExample.m; sourceTree = "<group>"; };
		822A54461C60D5C00060A3EE /* TabColorsExample.m */ = {isa = PBXFileReference; fileEncoding = 4; lastKnownFileType = sourcecode.c.objc; path = TabColorsExample.m; sourceTree = "<group>"; };
		822A54471C60D5C00060A3EE /* PanesExample.h */ = {isa = PBXFileReference; fileEncoding = 4; lastKnownFileType = sourcecode.c.h; path = PanesExample.h; sourceTree = "<group>"; };
		822A54481C60D5C00060A3EE /* HideRowColExample.h */ = {isa = PBXFileReference; fileEncoding = 4; lastKnownFileType = sourcecode.c.h; path = HideRowColExample.h; sourceTree = "<group>"; };
		822A54491C60D5C00060A3EE /* WorksheetProtectionExample.h */ = {isa = PBXFileReference; fileEncoding = 4; lastKnownFileType = sourcecode.c.h; path = WorksheetProtectionExample.h; sourceTree = "<group>"; };
		822A544A1C60D5C00060A3EE /* DocPropertiesExample.h */ = {isa = PBXFileReference; fileEncoding = 4; lastKnownFileType = sourcecode.c.h; path = DocPropertiesExample.h; sourceTree = "<group>"; };
		822A544B1C60D5C00060A3EE /* HideSheetExample.h */ = {isa = PBXFileReference; fileEncoding = 4; lastKnownFileType = sourcecode.c.h; path = HideSheetExample.h; sourceTree = "<group>"; };
		822A544C1C60D5C00060A3EE /* TabColorsExample.h */ = {isa = PBXFileReference; fileEncoding = 4; lastKnownFileType = sourcecode.c.h; path = TabColorsExample.h; sourceTree = "<group>"; };
		82C86C991BF4F35100587090 /* DefaultExamples.h */ = {isa = PBXFileReference; fileEncoding = 4; lastKnownFileType = sourcecode.c.h; path = DefaultExamples.h; sourceTree = "<group>"; };
		82C86C9A1BF4F35100587090 /* DefaultExamples.m */ = {isa = PBXFileReference; fileEncoding = 4; lastKnownFileType = sourcecode.c.objc; path = DefaultExamples.m; sourceTree = "<group>"; };
		82C86C9C1BF4F35100587090 /* AnatomyExample.h */ = {isa = PBXFileReference; fileEncoding = 4; lastKnownFileType = sourcecode.c.h; path = AnatomyExample.h; sourceTree = "<group>"; };
		82C86C9D1BF4F35100587090 /* AnatomyExample.m */ = {isa = PBXFileReference; fileEncoding = 4; lastKnownFileType = sourcecode.c.objc; path = AnatomyExample.m; sourceTree = "<group>"; };
		82C86C9E1BF4F35100587090 /* ArrayFormulaExample.h */ = {isa = PBXFileReference; fileEncoding = 4; lastKnownFileType = sourcecode.c.h; path = ArrayFormulaExample.h; sourceTree = "<group>"; };
		82C86C9F1BF4F35100587090 /* ArrayFormulaExample.m */ = {isa = PBXFileReference; fileEncoding = 4; lastKnownFileType = sourcecode.c.objc; path = ArrayFormulaExample.m; sourceTree = "<group>"; };
		82C86CA01BF4F35100587090 /* AutofilterExample.h */ = {isa = PBXFileReference; fileEncoding = 4; lastKnownFileType = sourcecode.c.h; path = AutofilterExample.h; sourceTree = "<group>"; };
		82C86CA11BF4F35100587090 /* AutofilterExample.m */ = {isa = PBXFileReference; fileEncoding = 4; lastKnownFileType = sourcecode.c.objc; path = AutofilterExample.m; sourceTree = "<group>"; };
		82C86CA21BF4F35100587090 /* ConstantMemoryExample.h */ = {isa = PBXFileReference; fileEncoding = 4; lastKnownFileType = sourcecode.c.h; path = ConstantMemoryExample.h; sourceTree = "<group>"; };
		82C86CA31BF4F35100587090 /* ConstantMemoryExample.m */ = {isa = PBXFileReference; fileEncoding = 4; lastKnownFileType = sourcecode.c.objc; path = ConstantMemoryExample.m; sourceTree = "<group>"; };
		82C86CA41BF4F35100587090 /* DatesAndTimes1Example.h */ = {isa = PBXFileReference; fileEncoding = 4; lastKnownFileType = sourcecode.c.h; path = DatesAndTimes1Example.h; sourceTree = "<group>"; };
		82C86CA51BF4F35100587090 /* DatesAndTimes1Example.m */ = {isa = PBXFileReference; fileEncoding = 4; lastKnownFileType = sourcecode.c.objc; path = DatesAndTimes1Example.m; sourceTree = "<group>"; };
		82C86CA61BF4F35100587090 /* DatesAndTimes2Example.h */ = {isa = PBXFileReference; fileEncoding = 4; lastKnownFileType = sourcecode.c.h; path = DatesAndTimes2Example.h; sourceTree = "<group>"; };
		82C86CA71BF4F35100587090 /* DatesAndTimes2Example.m */ = {isa = PBXFileReference; fileEncoding = 4; lastKnownFileType = sourcecode.c.objc; path = DatesAndTimes2Example.m; sourceTree = "<group>"; };
		82C86CA81BF4F35100587090 /* DatesAndTimes3Example.h */ = {isa = PBXFileReference; fileEncoding = 4; lastKnownFileType = sourcecode.c.h; path = DatesAndTimes3Example.h; sourceTree = "<group>"; };
		82C86CA91BF4F35100587090 /* DatesAndTimes3Example.m */ = {isa = PBXFileReference; fileEncoding = 4; lastKnownFileType = sourcecode.c.objc; path = DatesAndTimes3Example.m; sourceTree = "<group>"; };
		82C86CAA1BF4F35100587090 /* DefinedNameExample.h */ = {isa = PBXFileReference; fileEncoding = 4; lastKnownFileType = sourcecode.c.h; path = DefinedNameExample.h; sourceTree = "<group>"; };
		82C86CAB1BF4F35100587090 /* DefinedNameExample.m */ = {isa = PBXFileReference; fileEncoding = 4; lastKnownFileType = sourcecode.c.objc; path = DefinedNameExample.m; sourceTree = "<group>"; };
		82C86CAC1BF4F35100587090 /* DemoExample.h */ = {isa = PBXFileReference; fileEncoding = 4; lastKnownFileType = sourcecode.c.h; path = DemoExample.h; sourceTree = "<group>"; };
		82C86CAD1BF4F35100587090 /* DemoExample.m */ = {isa = PBXFileReference; fileEncoding = 4; lastKnownFileType = sourcecode.c.objc; path = DemoExample.m; sourceTree = "<group>"; };
		82C86CAE1BF4F35100587090 /* FormatFontExample.h */ = {isa = PBXFileReference; fileEncoding = 4; lastKnownFileType = sourcecode.c.h; path = FormatFontExample.h; sourceTree = "<group>"; };
		82C86CAF1BF4F35100587090 /* FormatFontExample.m */ = {isa = PBXFileReference; fileEncoding = 4; lastKnownFileType = sourcecode.c.objc; path = FormatFontExample.m; sourceTree = "<group>"; };
		82C86CB01BF4F35100587090 /* FormatNumFormatExample.h */ = {isa = PBXFileReference; fileEncoding = 4; lastKnownFileType = sourcecode.c.h; path = FormatNumFormatExample.h; sourceTree = "<group>"; };
		82C86CB11BF4F35100587090 /* FormatNumFormatExample.m */ = {isa = PBXFileReference; fileEncoding = 4; lastKnownFileType = sourcecode.c.objc; path = FormatNumFormatExample.m; sourceTree = "<group>"; };
		82C86CB21BF4F35100587090 /* HeadersFootersExample.h */ = {isa = PBXFileReference; fileEncoding = 4; lastKnownFileType = sourcecode.c.h; path = HeadersFootersExample.h; sourceTree = "<group>"; };
		82C86CB31BF4F35100587090 /* HeadersFootersExample.m */ = {isa = PBXFileReference; fileEncoding = 4; lastKnownFileType = sourcecode.c.objc; path = HeadersFootersExample.m; sourceTree = "<group>"; };
		82C86CB41BF4F35100587090 /* HelloExample.h */ = {isa = PBXFileReference; fileEncoding = 4; lastKnownFileType = sourcecode.c.h; path = HelloExample.h; sourceTree = "<group>"; };
		82C86CB51BF4F35100587090 /* HelloExample.m */ = {isa = PBXFileReference; fileEncoding = 4; lastKnownFileType = sourcecode.c.objc; path = HelloExample.m; sourceTree = "<group>"; };
		82C86CB61BF4F35100587090 /* HyperlinksExample.h */ = {isa = PBXFileReference; fileEncoding = 4; lastKnownFileType = sourcecode.c.h; path = HyperlinksExample.h; sourceTree = "<group>"; };
		82C86CB71BF4F35100587090 /* HyperlinksExample.m */ = {isa = PBXFileReference; fileEncoding = 4; lastKnownFileType = sourcecode.c.objc; path = HyperlinksExample.m; sourceTree = "<group>"; };
		82C86CB81BF4F35100587090 /* MergeRangeExample.h */ = {isa = PBXFileReference; fileEncoding = 4; lastKnownFileType = sourcecode.c.h; path = MergeRangeExample.h; sourceTree = "<group>"; };
		82C86CB91BF4F35100587090 /* MergeRangeExample.m */ = {isa = PBXFileReference; fileEncoding = 4; lastKnownFileType = sourcecode.c.objc; path = MergeRangeExample.m; sourceTree = "<group>"; };
		82C86CBA1BF4F35100587090 /* Tutorial1Example.h */ = {isa = PBXFileReference; fileEncoding = 4; lastKnownFileType = sourcecode.c.h; path = Tutorial1Example.h; sourceTree = "<group>"; };
		82C86CBB1BF4F35100587090 /* Tutorial1Example.m */ = {isa = PBXFileReference; fileEncoding = 4; lastKnownFileType = sourcecode.c.objc; path = Tutorial1Example.m; sourceTree = "<group>"; };
		82C86CBC1BF4F35100587090 /* Tutorial2Example.h */ = {isa = PBXFileReference; fileEncoding = 4; lastKnownFileType = sourcecode.c.h; path = Tutorial2Example.h; sourceTree = "<group>"; };
		82C86CBD1BF4F35100587090 /* Tutorial2Example.m */ = {isa = PBXFileReference; fileEncoding = 4; lastKnownFileType = sourcecode.c.objc; path = Tutorial2Example.m; sourceTree = "<group>"; };
		82C86CBE1BF4F35100587090 /* Tutorial3Example.h */ = {isa = PBXFileReference; fileEncoding = 4; lastKnownFileType = sourcecode.c.h; path = Tutorial3Example.h; sourceTree = "<group>"; };
		82C86CBF1BF4F35100587090 /* Tutorial3Example.m */ = {isa = PBXFileReference; fileEncoding = 4; lastKnownFileType = sourcecode.c.objc; path = Tutorial3Example.m; sourceTree = "<group>"; };
		82C86CC01BF4F35100587090 /* UTF8Example.h */ = {isa = PBXFileReference; fileEncoding = 4; lastKnownFileType = sourcecode.c.h; path = UTF8Example.h; sourceTree = "<group>"; };
		82C86CC11BF4F35100587090 /* UTF8Example.m */ = {isa = PBXFileReference; fileEncoding = 4; lastKnownFileType = sourcecode.c.objc; path = UTF8Example.m; sourceTree = "<group>"; };
		82C86CC21BF4F35100587090 /* Example.h */ = {isa = PBXFileReference; fileEncoding = 4; lastKnownFileType = sourcecode.c.h; path = Example.h; sourceTree = "<group>"; };
		82C86CC31BF4F35100587090 /* Example.m */ = {isa = PBXFileReference; fileEncoding = 4; lastKnownFileType = sourcecode.c.objc; path = Example.m; sourceTree = "<group>"; };
		EB9B9CE96F5F81DCEF9ACCA3 /* libPods.a */ = {isa = PBXFileReference; explicitFileType = archive.ar; includeInIndex = 0; path = libPods.a; sourceTree = BUILT_PRODUCTS_DIR; };
/* End PBXFileReference section */

/* Begin PBXFrameworksBuildPhase section */
		821D41C51BF4B8F9006A0F95 /* Frameworks */ = {
			isa = PBXFrameworksBuildPhase;
			buildActionMask = 2147483647;
			files = (
				1547E4D170F0AB57A435F533 /* libPods.a in Frameworks */,
			);
			runOnlyForDeploymentPostprocessing = 0;
		};
/* End PBXFrameworksBuildPhase section */

/* Begin PBXGroup section */
		60419F76DABC98E58BD3E0A1 /* Pods */ = {
			isa = PBXGroup;
			children = (
				641E17192712152436FF6FA4 /* Pods.debug.xcconfig */,
				051E2C3490FF63E549DA50A2 /* Pods.release.xcconfig */,
			);
			name = Pods;
			sourceTree = "<group>";
		};
		755DA52E07D47FAF9ACC79D9 /* Frameworks */ = {
			isa = PBXGroup;
			children = (
				EB9B9CE96F5F81DCEF9ACCA3 /* libPods.a */,
			);
			name = Frameworks;
			sourceTree = "<group>";
		};
		821D41BF1BF4B8F9006A0F95 = {
			isa = PBXGroup;
			children = (
				821D41CA1BF4B8F9006A0F95 /* libxlsxwriter-Swift */,
				821D41C91BF4B8F9006A0F95 /* Products */,
				60419F76DABC98E58BD3E0A1 /* Pods */,
				755DA52E07D47FAF9ACC79D9 /* Frameworks */,
			);
			sourceTree = "<group>";
		};
		821D41C91BF4B8F9006A0F95 /* Products */ = {
			isa = PBXGroup;
			children = (
				821D41C81BF4B8F9006A0F95 /* libxlsxwriter-Swift.app */,
			);
			name = Products;
			sourceTree = "<group>";
		};
		821D41CA1BF4B8F9006A0F95 /* libxlsxwriter-Swift */ = {
			isa = PBXGroup;
			children = (
				821D41DD1BF4B9C4006A0F95 /* libxlsxwriter-Swift-Bridging-Header.h */,
				821D41CB1BF4B8F9006A0F95 /* AppDelegate.swift */,
				8227CEE31BF4E366003202E4 /* UI */,
				8227CEE41BF4E428003202E4 /* Swift Example */,
				82C86C971BF4F35100587090 /* Examples */,
				821D41E31BF4BCD2006A0F95 /* Supporting Filed */,
			);
			path = "libxlsxwriter-Swift";
			sourceTree = "<group>";
		};
		821D41E31BF4BCD2006A0F95 /* Supporting Filed */ = {
			isa = PBXGroup;
			children = (
				821D41D21BF4B8F9006A0F95 /* Assets.xcassets */,
				821D41D41BF4B8F9006A0F95 /* LaunchScreen.storyboard */,
				821D41D71BF4B8F9006A0F95 /* Info.plist */,
			);
			name = "Supporting Filed";
			sourceTree = "<group>";
		};
		8227CEE31BF4E366003202E4 /* UI */ = {
			isa = PBXGroup;
			children = (
				8227CE9C1BF4D772003202E4 /* Main.storyboard */,
				8227CE9A1BF4BDC2003202E4 /* ExamplePickerTableViewController.swift */,
				8227CEE11BF4D9F7003202E4 /* ExampleViewerViewController.swift */,
			);
			name = UI;
			sourceTree = "<group>";
		};
		8227CEE41BF4E428003202E4 /* Swift Example */ = {
			isa = PBXGroup;
			children = (
				8227CEE51BF4E45B003202E4 /* SwiftAnatomyExample.swift */,
			);
			name = "Swift Example";
			sourceTree = "<group>";
		};
		82C86C971BF4F35100587090 /* Examples */ = {
			isa = PBXGroup;
			children = (
				82C86CC21BF4F35100587090 /* Example.h */,
				82C86CC31BF4F35100587090 /* Example.m */,
				82C86C981BF4F35100587090 /* DefaultExamples */,
			);
			name = Examples;
			path = ../../Common/Examples;
			sourceTree = "<group>";
		};
		82C86C981BF4F35100587090 /* DefaultExamples */ = {
			isa = PBXGroup;
			children = (
				82C86C991BF4F35100587090 /* DefaultExamples.h */,
				82C86C9A1BF4F35100587090 /* DefaultExamples.m */,
				82C86C9B1BF4F35100587090 /* Examples */,
			);
			path = DefaultExamples;
			sourceTree = "<group>";
		};
		82C86C9B1BF4F35100587090 /* Examples */ = {
			isa = PBXGroup;
			children = (
				82C86CB41BF4F35100587090 /* HelloExample.h */,
				82C86CB51BF4F35100587090 /* HelloExample.m */,
				82C86C9C1BF4F35100587090 /* AnatomyExample.h */,
				82C86C9D1BF4F35100587090 /* AnatomyExample.m */,
				82C86CAC1BF4F35100587090 /* DemoExample.h */,
				82C86CAD1BF4F35100587090 /* DemoExample.m */,
				82C86CBA1BF4F35100587090 /* Tutorial1Example.h */,
				82C86CBB1BF4F35100587090 /* Tutorial1Example.m */,
				82C86CBC1BF4F35100587090 /* Tutorial2Example.h */,
				82C86CBD1BF4F35100587090 /* Tutorial2Example.m */,
				82C86CBE1BF4F35100587090 /* Tutorial3Example.h */,
				82C86CBF1BF4F35100587090 /* Tutorial3Example.m */,
				82C86CAE1BF4F35100587090 /* FormatFontExample.h */,
				82C86CAF1BF4F35100587090 /* FormatFontExample.m */,
				82C86CB01BF4F35100587090 /* FormatNumFormatExample.h */,
				82C86CB11BF4F35100587090 /* FormatNumFormatExample.m */,
				82C86CA41BF4F35100587090 /* DatesAndTimes1Example.h */,
				82C86CA51BF4F35100587090 /* DatesAndTimes1Example.m */,
				82C86CA61BF4F35100587090 /* DatesAndTimes2Example.h */,
				82C86CA71BF4F35100587090 /* DatesAndTimes2Example.m */,
				82C86CA81BF4F35100587090 /* DatesAndTimes3Example.h */,
				82C86CA91BF4F35100587090 /* DatesAndTimes3Example.m */,
				82C86CB61BF4F35100587090 /* HyperlinksExample.h */,
				82C86CB71BF4F35100587090 /* HyperlinksExample.m */,
				82C86C9E1BF4F35100587090 /* ArrayFormulaExample.h */,
				82C86C9F1BF4F35100587090 /* ArrayFormulaExample.m */,
				82C86CC01BF4F35100587090 /* UTF8Example.h */,
				82C86CC11BF4F35100587090 /* UTF8Example.m */,
				82C86CA21BF4F35100587090 /* ConstantMemoryExample.h */,
				82C86CA31BF4F35100587090 /* ConstantMemoryExample.m */,
				82C86CB81BF4F35100587090 /* MergeRangeExample.h */,
				82C86CB91BF4F35100587090 /* MergeRangeExample.m */,
				82C86CA01BF4F35100587090 /* AutofilterExample.h */,
				82C86CA11BF4F35100587090 /* AutofilterExample.m */,
				82C86CB21BF4F35100587090 /* HeadersFootersExample.h */,
				82C86CB31BF4F35100587090 /* HeadersFootersExample.m */,
				82C86CAA1BF4F35100587090 /* DefinedNameExample.h */,
				82C86CAB1BF4F35100587090 /* DefinedNameExample.m */,
				822A544C1C60D5C00060A3EE /* TabColorsExample.h */,
				822A54461C60D5C00060A3EE /* TabColorsExample.m */,
				822A544B1C60D5C00060A3EE /* HideSheetExample.h */,
				822A54451C60D5C00060A3EE /* HideSheetExample.m */,
				822A544A1C60D5C00060A3EE /* DocPropertiesExample.h */,
				822A54441C60D5C00060A3EE /* DocPropertiesExample.m */,
				822A54491C60D5C00060A3EE /* WorksheetProtectionExample.h */,
				822A54431C60D5C00060A3EE /* WorksheetProtectionExample.m */,
				822A54481C60D5C00060A3EE /* HideRowColExample.h */,
				822A54421C60D5C00060A3EE /* HideRowColExample.m */,
				822A54471C60D5C00060A3EE /* PanesExample.h */,
				822A54411C60D5C00060A3EE /* PanesExample.m */,
			);
			path = Examples;
			sourceTree = "<group>";
		};
/* End PBXGroup section */

/* Begin PBXNativeTarget section */
		821D41C71BF4B8F9006A0F95 /* libxlsxwriter-Swift */ = {
			isa = PBXNativeTarget;
			buildConfigurationList = 821D41DA1BF4B8F9006A0F95 /* Build configuration list for PBXNativeTarget "libxlsxwriter-Swift" */;
			buildPhases = (
				FD0099F4934CEEB50DAADDDF /* Check Pods Manifest.lock */,
				821D41C41BF4B8F9006A0F95 /* Sources */,
				821D41C51BF4B8F9006A0F95 /* Frameworks */,
				821D41C61BF4B8F9006A0F95 /* Resources */,
				ECD53053F0AD3C59BCAAB090 /* Embed Pods Frameworks */,
				DF566D144CB8D1315E690B26 /* Copy Pods Resources */,
			);
			buildRules = (
			);
			dependencies = (
			);
			name = "libxlsxwriter-Swift";
			productName = "libxlsxwriter-Swift";
			productReference = 821D41C81BF4B8F9006A0F95 /* libxlsxwriter-Swift.app */;
			productType = "com.apple.product-type.application";
		};
/* End PBXNativeTarget section */

/* Begin PBXProject section */
		821D41C01BF4B8F9006A0F95 /* Project object */ = {
			isa = PBXProject;
			attributes = {
				LastSwiftUpdateCheck = 0710;
				LastUpgradeCheck = 0710;
				ORGANIZATIONNAME = "Ludovico Rossi";
				TargetAttributes = {
					821D41C71BF4B8F9006A0F95 = {
						CreatedOnToolsVersion = 7.1;
					};
				};
			};
			buildConfigurationList = 821D41C31BF4B8F9006A0F95 /* Build configuration list for PBXProject "libxlsxwriter-Swift" */;
			compatibilityVersion = "Xcode 3.2";
			developmentRegion = English;
			hasScannedForEncodings = 0;
			knownRegions = (
				en,
				Base,
			);
			mainGroup = 821D41BF1BF4B8F9006A0F95;
			productRefGroup = 821D41C91BF4B8F9006A0F95 /* Products */;
			projectDirPath = "";
			projectRoot = "";
			targets = (
				821D41C71BF4B8F9006A0F95 /* libxlsxwriter-Swift */,
			);
		};
/* End PBXProject section */

/* Begin PBXResourcesBuildPhase section */
		821D41C61BF4B8F9006A0F95 /* Resources */ = {
			isa = PBXResourcesBuildPhase;
			buildActionMask = 2147483647;
			files = (
				8227CE9E1BF4D772003202E4 /* Main.storyboard in Resources */,
				821D41D61BF4B8F9006A0F95 /* LaunchScreen.storyboard in Resources */,
				821D41D31BF4B8F9006A0F95 /* Assets.xcassets in Resources */,
			);
			runOnlyForDeploymentPostprocessing = 0;
		};
/* End PBXResourcesBuildPhase section */

/* Begin PBXShellScriptBuildPhase section */
		DF566D144CB8D1315E690B26 /* Copy Pods Resources */ = {
			isa = PBXShellScriptBuildPhase;
			buildActionMask = 2147483647;
			files = (
			);
			inputPaths = (
			);
			name = "Copy Pods Resources";
			outputPaths = (
			);
			runOnlyForDeploymentPostprocessing = 0;
			shellPath = /bin/sh;
			shellScript = "\"${SRCROOT}/Pods/Target Support Files/Pods/Pods-resources.sh\"\n";
			showEnvVarsInLog = 0;
		};
		ECD53053F0AD3C59BCAAB090 /* Embed Pods Frameworks */ = {
			isa = PBXShellScriptBuildPhase;
			buildActionMask = 2147483647;
			files = (
			);
			inputPaths = (
			);
			name = "Embed Pods Frameworks";
			outputPaths = (
			);
			runOnlyForDeploymentPostprocessing = 0;
			shellPath = /bin/sh;
			shellScript = "\"${SRCROOT}/Pods/Target Support Files/Pods/Pods-frameworks.sh\"\n";
			showEnvVarsInLog = 0;
		};
		FD0099F4934CEEB50DAADDDF /* Check Pods Manifest.lock */ = {
			isa = PBXShellScriptBuildPhase;
			buildActionMask = 2147483647;
			files = (
			);
			inputPaths = (
			);
			name = "Check Pods Manifest.lock";
			outputPaths = (
			);
			runOnlyForDeploymentPostprocessing = 0;
			shellPath = /bin/sh;
			shellScript = "diff \"${PODS_ROOT}/../Podfile.lock\" \"${PODS_ROOT}/Manifest.lock\" > /dev/null\nif [[ $? != 0 ]] ; then\n    cat << EOM\nerror: The sandbox is not in sync with the Podfile.lock. Run 'pod install' or update your CocoaPods installation.\nEOM\n    exit 1\nfi\n";
			showEnvVarsInLog = 0;
		};
/* End PBXShellScriptBuildPhase section */

/* Begin PBXSourcesBuildPhase section */
		821D41C41BF4B8F9006A0F95 /* Sources */ = {
			isa = PBXSourcesBuildPhase;
			buildActionMask = 2147483647;
			files = (
				82C86CD21BF4F35100587090 /* HyperlinksExample.m in Sources */,
				822A544E1C60D5C00060A3EE /* HideRowColExample.m in Sources */,
				822A544F1C60D5C00060A3EE /* WorksheetProtectionExample.m in Sources */,
				82C86CD81BF4F35100587090 /* Example.m in Sources */,
				82C86CCC1BF4F35100587090 /* DefinedNameExample.m in Sources */,
				82C86CCF1BF4F35100587090 /* FormatNumFormatExample.m in Sources */,
				82C86CD71BF4F35100587090 /* UTF8Example.m in Sources */,
				82C86CC61BF4F35100587090 /* ArrayFormulaExample.m in Sources */,
				822A54521C60D5C00060A3EE /* TabColorsExample.m in Sources */,
				822A54511C60D5C00060A3EE /* HideSheetExample.m in Sources */,
				822A544D1C60D5C00060A3EE /* PanesExample.m in Sources */,
				82C86CC81BF4F35100587090 /* ConstantMemoryExample.m in Sources */,
				82C86CD51BF4F35100587090 /* Tutorial2Example.m in Sources */,
				82C86CC71BF4F35100587090 /* AutofilterExample.m in Sources */,
				82C86CD11BF4F35100587090 /* HelloExample.m in Sources */,
				82C86CC51BF4F35100587090 /* AnatomyExample.m in Sources */,
				82C86CCE1BF4F35100587090 /* FormatFontExample.m in Sources */,
				8227CEE61BF4E45B003202E4 /* SwiftAnatomyExample.swift in Sources */,
				82C86CC91BF4F35100587090 /* DatesAndTimes1Example.m in Sources */,
				82C86CD31BF4F35100587090 /* MergeRangeExample.m in Sources */,
				82C86CCD1BF4F35100587090 /* DemoExample.m in Sources */,
				82C86CD61BF4F35100587090 /* Tutorial3Example.m in Sources */,
				822A54501C60D5C00060A3EE /* DocPropertiesExample.m in Sources */,
				82C86CCA1BF4F35100587090 /* DatesAndTimes2Example.m in Sources */,
				8227CE9B1BF4BDC2003202E4 /* ExamplePickerTableViewController.swift in Sources */,
				82C86CC41BF4F35100587090 /* DefaultExamples.m in Sources */,
				821D41CC1BF4B8F9006A0F95 /* AppDelegate.swift in Sources */,
				8227CEE21BF4D9F7003202E4 /* ExampleViewerViewController.swift in Sources */,
				82C86CD01BF4F35100587090 /* HeadersFootersExample.m in Sources */,
				82C86CCB1BF4F35100587090 /* DatesAndTimes3Example.m in Sources */,
				82C86CD41BF4F35100587090 /* Tutorial1Example.m in Sources */,
			);
			runOnlyForDeploymentPostprocessing = 0;
		};
/* End PBXSourcesBuildPhase section */

/* Begin PBXVariantGroup section */
		821D41D41BF4B8F9006A0F95 /* LaunchScreen.storyboard */ = {
			isa = PBXVariantGroup;
			children = (
				821D41D51BF4B8F9006A0F95 /* Base */,
			);
			name = LaunchScreen.storyboard;
			sourceTree = "<group>";
		};
		8227CE9C1BF4D772003202E4 /* Main.storyboard */ = {
			isa = PBXVariantGroup;
			children = (
				8227CE9D1BF4D772003202E4 /* Base */,
			);
			name = Main.storyboard;
			sourceTree = "<group>";
		};
/* End PBXVariantGroup section */

/* Begin XCBuildConfiguration section */
		821D41D81BF4B8F9006A0F95 /* Debug */ = {
			isa = XCBuildConfiguration;
			buildSettings = {
				ALWAYS_SEARCH_USER_PATHS = NO;
				CLANG_CXX_LANGUAGE_STANDARD = "gnu++0x";
				CLANG_CXX_LIBRARY = "libc++";
				CLANG_ENABLE_MODULES = YES;
				CLANG_ENABLE_OBJC_ARC = YES;
				CLANG_WARN_BOOL_CONVERSION = YES;
				CLANG_WARN_CONSTANT_CONVERSION = YES;
				CLANG_WARN_DIRECT_OBJC_ISA_USAGE = YES_ERROR;
				CLANG_WARN_EMPTY_BODY = YES;
				CLANG_WARN_ENUM_CONVERSION = YES;
				CLANG_WARN_INT_CONVERSION = YES;
				CLANG_WARN_OBJC_ROOT_CLASS = YES_ERROR;
				CLANG_WARN_UNREACHABLE_CODE = YES;
				CLANG_WARN__DUPLICATE_METHOD_MATCH = YES;
				"CODE_SIGN_IDENTITY[sdk=iphoneos*]" = "iPhone Developer";
				COPY_PHASE_STRIP = NO;
				DEBUG_INFORMATION_FORMAT = dwarf;
				ENABLE_STRICT_OBJC_MSGSEND = YES;
				ENABLE_TESTABILITY = YES;
				GCC_C_LANGUAGE_STANDARD = gnu99;
				GCC_DYNAMIC_NO_PIC = NO;
				GCC_NO_COMMON_BLOCKS = YES;
				GCC_OPTIMIZATION_LEVEL = 0;
				GCC_PREPROCESSOR_DEFINITIONS = (
					"DEBUG=1",
					"$(inherited)",
				);
				GCC_WARN_64_TO_32_BIT_CONVERSION = YES;
				GCC_WARN_ABOUT_RETURN_TYPE = YES_ERROR;
				GCC_WARN_UNDECLARED_SELECTOR = YES;
				GCC_WARN_UNINITIALIZED_AUTOS = YES_AGGRESSIVE;
				GCC_WARN_UNUSED_FUNCTION = YES;
				GCC_WARN_UNUSED_VARIABLE = YES;
				IPHONEOS_DEPLOYMENT_TARGET = 9.1;
				MTL_ENABLE_DEBUG_INFO = YES;
				ONLY_ACTIVE_ARCH = YES;
				SDKROOT = iphoneos;
				SWIFT_OPTIMIZATION_LEVEL = "-Onone";
				TARGETED_DEVICE_FAMILY = "1,2";
			};
			name = Debug;
		};
		821D41D91BF4B8F9006A0F95 /* Release */ = {
			isa = XCBuildConfiguration;
			buildSettings = {
				ALWAYS_SEARCH_USER_PATHS = NO;
				CLANG_CXX_LANGUAGE_STANDARD = "gnu++0x";
				CLANG_CXX_LIBRARY = "libc++";
				CLANG_ENABLE_MODULES = YES;
				CLANG_ENABLE_OBJC_ARC = YES;
				CLANG_WARN_BOOL_CONVERSION = YES;
				CLANG_WARN_CONSTANT_CONVERSION = YES;
				CLANG_WARN_DIRECT_OBJC_ISA_USAGE = YES_ERROR;
				CLANG_WARN_EMPTY_BODY = YES;
				CLANG_WARN_ENUM_CONVERSION = YES;
				CLANG_WARN_INT_CONVERSION = YES;
				CLANG_WARN_OBJC_ROOT_CLASS = YES_ERROR;
				CLANG_WARN_UNREACHABLE_CODE = YES;
				CLANG_WARN__DUPLICATE_METHOD_MATCH = YES;
				"CODE_SIGN_IDENTITY[sdk=iphoneos*]" = "iPhone Developer";
				COPY_PHASE_STRIP = NO;
				DEBUG_INFORMATION_FORMAT = "dwarf-with-dsym";
				ENABLE_NS_ASSERTIONS = NO;
				ENABLE_STRICT_OBJC_MSGSEND = YES;
				GCC_C_LANGUAGE_STANDARD = gnu99;
				GCC_NO_COMMON_BLOCKS = YES;
				GCC_WARN_64_TO_32_BIT_CONVERSION = YES;
				GCC_WARN_ABOUT_RETURN_TYPE = YES_ERROR;
				GCC_WARN_UNDECLARED_SELECTOR = YES;
				GCC_WARN_UNINITIALIZED_AUTOS = YES_AGGRESSIVE;
				GCC_WARN_UNUSED_FUNCTION = YES;
				GCC_WARN_UNUSED_VARIABLE = YES;
				IPHONEOS_DEPLOYMENT_TARGET = 9.1;
				MTL_ENABLE_DEBUG_INFO = NO;
				SDKROOT = iphoneos;
				TARGETED_DEVICE_FAMILY = "1,2";
				VALIDATE_PRODUCT = YES;
			};
			name = Release;
		};
		821D41DB1BF4B8F9006A0F95 /* Debug */ = {
			isa = XCBuildConfiguration;
			baseConfigurationReference = 641E17192712152436FF6FA4 /* Pods.debug.xcconfig */;
			buildSettings = {
				ASSETCATALOG_COMPILER_APPICON_NAME = AppIcon;
				CLANG_ENABLE_MODULES = YES;
				INFOPLIST_FILE = "libxlsxwriter-Swift/Info.plist";
				IPHONEOS_DEPLOYMENT_TARGET = 8.0;
				LD_RUNPATH_SEARCH_PATHS = "$(inherited) @executable_path/Frameworks";
				PRODUCT_BUNDLE_IDENTIFIER = "com.icecreamstudios.libxlsxwriter-Swift";
				PRODUCT_NAME = "$(TARGET_NAME)";
				SWIFT_OBJC_BRIDGING_HEADER = "libxlsxwriter-Swift/libxlsxwriter-Swift-Bridging-Header.h";
				SWIFT_OPTIMIZATION_LEVEL = "-Onone";
			};
			name = Debug;
		};
		821D41DC1BF4B8F9006A0F95 /* Release */ = {
			isa = XCBuildConfiguration;
			baseConfigurationReference = 051E2C3490FF63E549DA50A2 /* Pods.release.xcconfig */;
			buildSettings = {
				ASSETCATALOG_COMPILER_APPICON_NAME = AppIcon;
				CLANG_ENABLE_MODULES = YES;
				INFOPLIST_FILE = "libxlsxwriter-Swift/Info.plist";
				IPHONEOS_DEPLOYMENT_TARGET = 8.0;
				LD_RUNPATH_SEARCH_PATHS = "$(inherited) @executable_path/Frameworks";
				PRODUCT_BUNDLE_IDENTIFIER = "com.icecreamstudios.libxlsxwriter-Swift";
				PRODUCT_NAME = "$(TARGET_NAME)";
				SWIFT_OBJC_BRIDGING_HEADER = "libxlsxwriter-Swift/libxlsxwriter-Swift-Bridging-Header.h";
			};
			name = Release;
		};
/* End XCBuildConfiguration section */

/* Begin XCConfigurationList section */
		821D41C31BF4B8F9006A0F95 /* Build configuration list for PBXProject "libxlsxwriter-Swift" */ = {
			isa = XCConfigurationList;
			buildConfigurations = (
				821D41D81BF4B8F9006A0F95 /* Debug */,
				821D41D91BF4B8F9006A0F95 /* Release */,
			);
			defaultConfigurationIsVisible = 0;
			defaultConfigurationName = Release;
		};
		821D41DA1BF4B8F9006A0F95 /* Build configuration list for PBXNativeTarget "libxlsxwriter-Swift" */ = {
			isa = XCConfigurationList;
			buildConfigurations = (
				821D41DB1BF4B8F9006A0F95 /* Debug */,
				821D41DC1BF4B8F9006A0F95 /* Release */,
			);
			defaultConfigurationIsVisible = 0;
			defaultConfigurationName = Release;
		};
/* End XCConfigurationList section */
	};
	rootObject = 821D41C01BF4B8F9006A0F95 /* Project object */;
}
